<?xml version='1.0' encoding='UTF-8'?>
<Scheme LastUpgradeVersion='2640' version='1.3'>
   <BuildAction buildImplicitDependencies='YES' parallelizeBuildables='YES'>
      <BuildActionEntries>
         <BuildActionEntry buildForAnalyzing='YES' buildForArchiving='YES' buildForProfiling='YES' buildForRunning='YES' buildForTesting='YES'>
            <BuildableReference BlueprintIdentifier='B267912D1F350723008635CD' BlueprintName='CDUntappdKit iOS' BuildableIdentifier='primary' BuildableName='CDUntappdKit.framework' ReferencedContainer='container:CDUntappdKit.xcodeproj'>
            </BuildableReference>
         </BuildActionEntry>
      </BuildActionEntries>
   </BuildAction>
   <TestAction buildConfiguration='Debug' selectedDebuggerIdentifier='Xcode.DebuggerFoundation.Debugger.LLDB' selectedLauncherIdentifier='Xcode.DebuggerFoundation.Launcher.LLDB' shouldUseLaunchSchemeArgsEnv='YES'>
      <Testables>
      <TestableReference skipped='NO'><BuildableReference BlueprintIdentifier='0975C270F255817E130906CA' BlueprintName='CDUntappdKitTests' BuildableIdentifier='primary' BuildableName='CDUntappdKitTests.xctest' ReferencedContainer='container:CDUntappdKit.xcodeproj'/></TestableReference></Testables>
   </TestAction>
   <LaunchAction allowLocationSimulation='YES' buildConfiguration='Debug' debugDocumentVersioning='YES' debugServiceExtension='internal' ignoresPersistentStateOnLaunch='NO' launchStyle='0' selectedDebuggerIdentifier='Xcode.DebuggerFoundation.Debugger.LLDB' selectedLauncherIdentifier='Xcode.DebuggerFoundation.Launcher.LLDB' useCustomWorkingDirectory='NO'>
      <MacroExpansion>
         <BuildableReference BlueprintIdentifier='B267912D1F350723008635CD' BlueprintName='CDUntappdKit iOS' BuildableIdentifier='primary' BuildableName='CDUntappdKit.framework' ReferencedContainer='container:CDUntappdKit.xcodeproj'>
         </BuildableReference>
      </MacroExpansion>
   </LaunchAction>
   <ProfileAction buildConfiguration='Release' debugDocumentVersioning='YES' savedToolIdentifier='' shouldUseLaunchSchemeArgsEnv='YES' useCustomWorkingDirectory='NO'>
      <MacroExpansion>
         <BuildableReference BlueprintIdentifier='B267912D1F350723008635CD' BlueprintName='CDUntappdKit iOS' BuildableIdentifier='primary' BuildableName='CDUntappdKit.framework' ReferencedContainer='container:CDUntappdKit.xcodeproj'>
         </BuildableReference>
      </MacroExpansion>
   </ProfileAction>
   <AnalyzeAction buildConfiguration='Debug'>
   </AnalyzeAction>
   <ArchiveAction buildConfiguration='Release' revealArchiveInOrganizer='YES'>
   </ArchiveAction>
</Scheme>