// !$*UTF8*$!
{
	archiveVersion = 1;
	classes = {
	};
	objectVersion = 46;
	objects = {

/* Begin PBXBuildFile section */
		B26791641F350863008635CD /* AppDelegate.swift in Sources */ = {isa = PBXBuildFile; fileRef = B26791621F350863008635CD /* AppDelegate.swift */; };
		B26791651F350863008635CD /* ViewController.swift in Sources */ = {isa = PBXBuildFile; fileRef = B26791631F350863008635CD /* ViewController.swift */; };
		B267916B1F350895008635CD /* Assets.xcassets in Resources */ = {isa = PBXBuildFile; fileRef = B267916A1F350895008635CD /* Assets.xcassets */; };
		B26791701F35089F008635CD /* LaunchScreen.storyboard in Resources */ = {isa = PBXBuildFile; fileRef = B267916C1F35089F008635CD /* LaunchScreen.storyboard */; };
		B26791711F35089F008635CD /* Main.storyboard in Resources */ = {isa = PBXBuildFile; fileRef = B267916E1F35089F008635CD /* Main.storyboard */; };
		B26791791F350930008635CD /* CDUntappdKit.framework in Embed Frameworks */ = {isa = PBXBuildFile; fileRef = B26791771F350922008635CD /* CDUntappdKit.framework */; settings = {ATTRIBUTES = (CodeSignOnCopy, RemoveHeadersOnCopy, ); }; };
		B2D6C3E01F43D5290067279A /* CDUntappdKitManager.swift in Sources */ = {isa = PBXBuildFile; fileRef = B2D6C3DF1F43D5290067279A /* CDUntappdKitManager.swift */; };
/* End PBXBuildFile section */

/* Begin PBXContainerItemProxy section */
		B26791761F350922008635CD /* PBXContainerItemProxy */ = {
			isa = PBXContainerItemProxy;
			containerPortal = B26791721F350922008635CD /* CDUntappdKit.xcodeproj */;
			proxyType = 2;
			remoteGlobalIDString = B267912E1F350723008635CD;
			remoteInfo = CDUntappdKit;
		};
		B267917A1F350930008635CD /* PBXContainerItemProxy */ = {
			isa = PBXContainerItemProxy;
			containerPortal = B26791721F350922008635CD /* CDUntappdKit.xcodeproj */;
			proxyType = 1;
			remoteGlobalIDString = B267912D1F350723008635CD;
			remoteInfo = CDUntappdKit;
		};
/* End PBXContainerItemProxy section */

/* Begin PBXCopyFilesBuildPhase section */
		B267917C1F350930008635CD /* Embed Frameworks */ = {
			isa = PBXCopyFilesBuildPhase;
			buildActionMask = 2147483647;
			dstPath = "";
			dstSubfolderSpec = 10;
			files = (
				B26791791F350930008635CD /* CDUntappdKit.framework in Embed Frameworks */,
			);
			name = "Embed Frameworks";
			runOnlyForDeploymentPostprocessing = 0;
		};
/* End PBXCopyFilesBuildPhase section */

/* Begin PBXFileReference section */
		B267914C1F35082B008635CD /* iOS Example.app */ = {isa = PBXFileReference; explicitFileType = wrapper.application; includeInIndex = 0; path = "iOS Example.app"; sourceTree = BUILT_PRODUCTS_DIR; };
		B26791621F350863008635CD /* AppDelegate.swift */ = {isa = PBXFileReference; fileEncoding = 4; lastKnownFileType = sourcecode.swift; path = AppDelegate.swift; sourceTree = "<group>"; };
		B26791631F350863008635CD /* ViewController.swift */ = {isa = PBXFileReference; fileEncoding = 4; lastKnownFileType = sourcecode.swift; path = ViewController.swift; sourceTree = "<group>"; };
		B26791681F350887008635CD /* Info.plist */ = {isa = PBXFileReference; fileEncoding = 4; lastKnownFileType = text.plist.xml; name = Info.plist; path = Resources/Info.plist; sourceTree = SOURCE_ROOT; };
		B267916A1F350895008635CD /* Assets.xcassets */ = {isa = PBXFileReference; lastKnownFileType = folder.assetcatalog; name = Assets.xcassets; path = Resources/Assets.xcassets; sourceTree = SOURCE_ROOT; };
		B267916D1F35089F008635CD /* Base */ = {isa = PBXFileReference; lastKnownFileType = file.storyboard; name = Base; path = Resources/Base.lproj/LaunchScreen.storyboard; sourceTree = SOURCE_ROOT; };
		B267916F1F35089F008635CD /* Base */ = {isa = PBXFileReference; lastKnownFileType = file.storyboard; name = Base; path = Resources/Base.lproj/Main.storyboard; sourceTree = SOURCE_ROOT; };
		B26791721F350922008635CD /* CDUntappdKit.xcodeproj */ = {isa = PBXFileReference; lastKnownFileType = "wrapper.pb-project"; name = CDUntappdKit.xcodeproj; path = ../CDUntappdKit.xcodeproj; sourceTree = "<group>"; };
		B2D6C3DF1F43D5290067279A /* CDUntappdKitManager.swift */ = {isa = PBXFileReference; fileEncoding = 4; lastKnownFileType = sourcecode.swift; path = CDUntappdKitManager.swift; sourceTree = "<group>"; };
/* End PBXFileReference section */

/* Begin PBXFrameworksBuildPhase section */
		B26791491F35082B008635CD /* Frameworks */ = {
			isa = PBXFrameworksBuildPhase;
			buildActionMask = 2147483647;
			files = (
			);
			runOnlyForDeploymentPostprocessing = 0;
		};
/* End PBXFrameworksBuildPhase section */

/* Begin PBXGroup section */
		B26791431F35082B008635CD = {
			isa = PBXGroup;
			children = (
				B26791611F350863008635CD /* Source */,
				B267914D1F35082B008635CD /* Products */,
				B26791721F350922008635CD /* CDUntappdKit.xcodeproj */,
			);
			sourceTree = "<group>";
		};
		B267914D1F35082B008635CD /* Products */ = {
			isa = PBXGroup;
			children = (
				B267914C1F35082B008635CD /* iOS Example.app */,
			);
			name = Products;
			sourceTree = "<group>";
		};
		B26791611F350863008635CD /* Source */ = {
			isa = PBXGroup;
			children = (
				B26791621F350863008635CD /* AppDelegate.swift */,
				B2D6C3DF1F43D5290067279A /* CDUntappdKitManager.swift */,
				B26791631F350863008635CD /* ViewController.swift */,
				B26791661F35086C008635CD /* Resources */,
				B26791671F350874008635CD /* Supporting Files */,
			);
			path = Source;
			sourceTree = "<group>";
		};
		B26791661F35086C008635CD /* Resources */ = {
			isa = PBXGroup;
			children = (
				B267916A1F350895008635CD /* Assets.xcassets */,
				B267916C1F35089F008635CD /* LaunchScreen.storyboard */,
				B267916E1F35089F008635CD /* Main.storyboard */,
			);
			name = Resources;
			sourceTree = "<group>";
		};
		B26791671F350874008635CD /* Supporting Files */ = {
			isa = PBXGroup;
			children = (
				B26791681F350887008635CD /* Info.plist */,
			);
			name = "Supporting Files";
			sourceTree = "<group>";
		};
		B26791731F350922008635CD /* Products */ = {
			isa = PBXGroup;
			children = (
				B26791771F350922008635CD /* CDUntappdKit.framework */,
			);
			name = Products;
			sourceTree = "<group>";
		};
/* End PBXGroup section */

/* Begin PBXNativeTarget section */
		B267914B1F35082B008635CD /* iOS Example */ = {
			isa = PBXNativeTarget;
			buildConfigurationList = B267915E1F35082B008635CD /* Build configuration list for PBXNativeTarget "iOS Example" */;
			buildPhases = (
				B26791481F35082B008635CD /* Sources */,
				B26791491F35082B008635CD /* Frameworks */,
				B267914A1F35082B008635CD /* Resources */,
				B267917C1F350930008635CD /* Embed Frameworks */,
			);
			buildRules = (
			);
			dependencies = (
				B267917B1F350930008635CD /* PBXTargetDependency */,
			);
			name = "iOS Example";
			productName = "iOS Example";
			productReference = B267914C1F35082B008635CD /* iOS Example.app */;
			productType = "com.apple.product-type.application";
		};
/* End PBXNativeTarget section */

/* Begin PBXProject section */
		B26791441F35082B008635CD /* Project object */ = {
			isa = PBXProject;
			attributes = {
				LastSwiftUpdateCheck = 0830;
				LastUpgradeCheck = 0830;
				ORGANIZATIONNAME = "Christopher de Haan";
				TargetAttributes = {
					B267914B1F35082B008635CD = {
						CreatedOnToolsVersion = 8.3.3;
						ProvisioningStyle = Automatic;
					};
				};
			};
			buildConfigurationList = B26791471F35082B008635CD /* Build configuration list for PBXProject "iOS Example" */;
			compatibilityVersion = "Xcode 3.2";
			developmentRegion = English;
			hasScannedForEncodings = 0;
			knownRegions = (
				en,
				Base,
			);
			mainGroup = B26791431F35082B008635CD;
			productRefGroup = B267914D1F35082B008635CD /* Products */;
			projectDirPath = "";
			projectReferences = (
				{
					ProductGroup = B26791731F350922008635CD /* Products */;
					ProjectRef = B26791721F350922008635CD /* CDUntappdKit.xcodeproj */;
				},
			);
			projectRoot = "";
			targets = (
				B267914B1F35082B008635CD /* iOS Example */,
			);
		};
/* End PBXProject section */

/* Begin PBXReferenceProxy section */
		B26791771F350922008635CD /* CDUntappdKit.framework */ = {
			isa = PBXReferenceProxy;
			fileType = wrapper.framework;
			path = CDUntappdKit.framework;
			remoteRef = B26791761F350922008635CD /* PBXContainerItemProxy */;
			sourceTree = BUILT_PRODUCTS_DIR;
		};
/* End PBXReferenceProxy section */

/* Begin PBXResourcesBuildPhase section */
		B267914A1F35082B008635CD /* Resources */ = {
			isa = PBXResourcesBuildPhase;
			buildActionMask = 2147483647;
			files = (
				B26791701F35089F008635CD /* LaunchScreen.storyboard in Resources */,
				B267916B1F350895008635CD /* Assets.xcassets in Resources */,
				B26791711F35089F008635CD /* Main.storyboard in Resources */,
			);
			runOnlyForDeploymentPostprocessing = 0;
		};
/* End PBXResourcesBuildPhase section */

/* Begin PBXSourcesBuildPhase section */
		B26791481F35082B008635CD /* Sources */ = {
			isa = PBXSourcesBuildPhase;
			buildActionMask = 2147483647;
			files = (
				B2D6C3E01F43D5290067279A /* CDUntappdKitManager.swift in Sources */,
				B26791651F350863008635CD /* ViewController.swift in Sources */,
				B26791641F350863008635CD /* AppDelegate.swift in Sources */,
			);
			runOnlyForDeploymentPostprocessing = 0;
		};
/* End PBXSourcesBuildPhase section */

/* Begin PBXTargetDependency section */
		B267917B1F350930008635CD /* PBXTargetDependency */ = {
			isa = PBXTargetDependency;
			name = CDUntappdKit;
			targetProxy = B267917A1F350930008635CD /* PBXContainerItemProxy */;
		};
/* End PBXTargetDependency section */

/* Begin PBXVariantGroup section */
		B267916C1F35089F008635CD /* LaunchScreen.storyboard */ = {
			isa = PBXVariantGroup;
			children = (
				B267916D1F35089F008635CD /* Base */,
			);
			name = LaunchScreen.storyboard;
			sourceTree = "<group>";
		};
		B267916E1F35089F008635CD /* Main.storyboard */ = {
			isa = PBXVariantGroup;
			children = (
				B267916F1F35089F008635CD /* Base */,
			);
			name = Main.storyboard;
			sourceTree = "<group>";
		};
/* End PBXVariantGroup section */

/* Begin XCBuildConfiguration section */
		B267915C1F35082B008635CD /* Debug */ = {
			isa = XCBuildConfiguration;
			buildSettings = {
				ALWAYS_SEARCH_USER_PATHS = NO;
				CLANG_ANALYZER_NONNULL = YES;
				CLANG_ANALYZER_NUMBER_OBJECT_CONVERSION = YES_AGGRESSIVE;
				CLANG_CXX_LANGUAGE_STANDARD = "gnu++0x";
				CLANG_CXX_LIBRARY = "libc++";
				CLANG_ENABLE_MODULES = YES;
				CLANG_ENABLE_OBJC_ARC = YES;
				CLANG_WARN_BOOL_CONVERSION = YES;
				CLANG_WARN_CONSTANT_CONVERSION = YES;
				CLANG_WARN_DIRECT_OBJC_ISA_USAGE = YES_ERROR;
				CLANG_WARN_DOCUMENTATION_COMMENTS = YES;
				CLANG_WARN_EMPTY_BODY = YES;
				CLANG_WARN_ENUM_CONVERSION = YES;
				CLANG_WARN_INFINITE_RECURSION = YES;
				CLANG_WARN_INT_CONVERSION = YES;
				CLANG_WARN_OBJC_ROOT_CLASS = YES_ERROR;
				CLANG_WARN_SUSPICIOUS_MOVE = YES;
				CLANG_WARN_UNREACHABLE_CODE = YES;
				CLANG_WARN__DUPLICATE_METHOD_MATCH = YES;
				"CODE_SIGN_IDENTITY[sdk=iphoneos*]" = "iPhone Developer";
				COPY_PHASE_STRIP = NO;
				DEBUG_INFORMATION_FORMAT = dwarf;
				ENABLE_STRICT_OBJC_MSGSEND = YES;
				ENABLE_TESTABILITY = YES;
				GCC_C_LANGUAGE_STANDARD = gnu99;
				GCC_DYNAMIC_NO_PIC = NO;
				GCC_NO_COMMON_BLOCKS = YES;
				GCC_OPTIMIZATION_LEVEL = 0;
				GCC_PREPROCESSOR_DEFINITIONS = (
					"DEBUG=1",
					"$(inherited)",
				);
				GCC_WARN_64_TO_32_BIT_CONVERSION = YES;
				GCC_WARN_ABOUT_RETURN_TYPE = YES_ERROR;
				GCC_WARN_UNDECLARED_SELECTOR = YES;
				GCC_WARN_UNINITIALIZED_AUTOS = YES_AGGRESSIVE;
				GCC_WARN_UNUSED_FUNCTION = YES;
				GCC_WARN_UNUSED_VARIABLE = YES;
				IPHONEOS_DEPLOYMENT_TARGET = 10.3;
				MTL_ENABLE_DEBUG_INFO = YES;
				ONLY_ACTIVE_ARCH = YES;
				SDKROOT = iphoneos;
				SWIFT_ACTIVE_COMPILATION_CONDITIONS = DEBUG;
				SWIFT_OPTIMIZATION_LEVEL = "-Onone";
			};
			name = Debug;
		};
		B267915D1F35082B008635CD /* Release */ = {
			isa = XCBuildConfiguration;
			buildSettings = {
				ALWAYS_SEARCH_USER_PATHS = NO;
				CLANG_ANALYZER_NONNULL = YES;
				CLANG_ANALYZER_NUMBER_OBJECT_CONVERSION = YES_AGGRESSIVE;
				CLANG_CXX_LANGUAGE_STANDARD = "gnu++0x";
				CLANG_CXX_LIBRARY = "libc++";
				CLANG_ENABLE_MODULES = YES;
				CLANG_ENABLE_OBJC_ARC = YES;
				CLANG_WARN_BOOL_CONVERSION = YES;
				CLANG_WARN_CONSTANT_CONVERSION = YES;
				CLANG_WARN_DIRECT_OBJC_ISA_USAGE = YES_ERROR;
				CLANG_WARN_DOCUMENTATION_COMMENTS = YES;
				CLANG_WARN_EMPTY_BODY = YES;
				CLANG_WARN_ENUM_CONVERSION = YES;
				CLANG_WARN_INFINITE_RECURSION = YES;
				CLANG_WARN_INT_CONVERSION = YES;
				CLANG_WARN_OBJC_ROOT_CLASS = YES_ERROR;
				CLANG_WARN_SUSPICIOUS_MOVE = YES;
				CLANG_WARN_UNREACHABLE_CODE = YES;
				CLANG_WARN__DUPLICATE_METHOD_MATCH = YES;
				"CODE_SIGN_IDENTITY[sdk=iphoneos*]" = "iPhone Developer";
				COPY_PHASE_STRIP = NO;
				DEBUG_INFORMATION_FORMAT = "dwarf-with-dsym";
				ENABLE_NS_ASSERTIONS = NO;
				ENABLE_STRICT_OBJC_MSGSEND = YES;
				GCC_C_LANGUAGE_STANDARD = gnu99;
				GCC_NO_COMMON_BLOCKS = YES;
				GCC_WARN_64_TO_32_BIT_CONVERSION = YES;
				GCC_WARN_ABOUT_RETURN_TYPE = YES_ERROR;
				GCC_WARN_UNDECLARED_SELECTOR = YES;
				GCC_WARN_UNINITIALIZED_AUTOS = YES_AGGRESSIVE;
				GCC_WARN_UNUSED_FUNCTION = YES;
				GCC_WARN_UNUSED_VARIABLE = YES;
				IPHONEOS_DEPLOYMENT_TARGET = 10.3;
				MTL_ENABLE_DEBUG_INFO = NO;
				SDKROOT = iphoneos;
				SWIFT_OPTIMIZATION_LEVEL = "-Owholemodule";
				VALIDATE_PRODUCT = YES;
			};
			name = Release;
		};
		B267915F1F35082B008635CD /* Debug */ = {
			isa = XCBuildConfiguration;
			buildSettings = {
				ASSETCATALOG_COMPILER_APPICON_NAME = AppIcon;
				INFOPLIST_FILE = "$(SRCROOT)/Resources/Info.plist";
				LD_RUNPATH_SEARCH_PATHS = "$(inherited) @executable_path/Frameworks";
				PRODUCT_BUNDLE_IDENTIFIER = "com.christopherdehaan.iOS-Example";
				PRODUCT_NAME = "$(TARGET_NAME)";
				SWIFT_VERSION = 3.0;
			};
			name = Debug;
		};
		B26791601F35082B008635CD /* Release */ = {
			isa = XCBuildConfiguration;
			buildSettings = {
				ASSETCATALOG_COMPILER_APPICON_NAME = AppIcon;
				INFOPLIST_FILE = "$(SRCROOT)/Resources/Info.plist";
				LD_RUNPATH_SEARCH_PATHS = "$(inherited) @executable_path/Frameworks";
				PRODUCT_BUNDLE_IDENTIFIER = "com.christopherdehaan.iOS-Example";
				PRODUCT_NAME = "$(TARGET_NAME)";
				SWIFT_VERSION = 3.0;
			};
			name = Release;
		};
/* End XCBuildConfiguration section */

/* Begin XCConfigurationList section */
		B26791471F35082B008635CD /* Build configuration list for PBXProject "iOS Example" */ = {
			isa = XCConfigurationList;
			buildConfigurations = (
				B267915C1F35082B008635CD /* Debug */,
				B267915D1F35082B008635CD /* Release */,
			);
			defaultConfigurationIsVisible = 0;
			defaultConfigurationName = Release;
		};
		B267915E1F35082B008635CD /* Build configuration list for PBXNativeTarget "iOS Example" */ = {
			isa = XCConfigurationList;
			buildConfigurations = (
				B267915F1F35082B008635CD /* Debug */,
				B26791601F35082B008635CD /* Release */,
			);
			defaultConfigurationIsVisible = 0;
			defaultConfigurationName = Release;
		};
/* End XCConfigurationList section */
	};
	rootObject = B26791441F35082B008635CD /* Project object */;
}
