// !$*UTF8*$!
{
	archiveVersion = 1;
	classes = {
	};
	objectVersion = 54;
	objects = {

/* Begin PBXBuildFile section */
		0912344186C84E778EE9B032 /* CDUntappdOAuthViewController.swift in Sources */ = {isa = PBXBuildFile; fileRef = B2B7070D1F3B810400FAA6EF /* CDUntappdOAuthViewController.swift */; };
		0BEE538DB9D44050A9D14278 /* CDColor.swift in Sources */ = {isa = PBXBuildFile; fileRef = B22019F41FD21A7800A2BE3F /* CDColor.swift */; };
		10E6D03AC9E248FBA6A2A78E /* CDUntappdKitError.swift in Sources */ = {isa = PBXBuildFile; fileRef = 81A2A4E8039346F6AA88B0CF /* CDUntappdKitError.swift */; };
		214EC1E8362D417DB49D4862 /* CDUntappdBadge.swift in Sources */ = {isa = PBXBuildFile; fileRef = B28180D01FCCE38100806E4C /* CDUntappdBadge.swift */; };
		27B5128AE8384FDEBEA0AD5F /* CDUntappdOAuthViewController.swift in Sources */ = {isa = PBXBuildFile; fileRef = B2B7070D1F3B810400FAA6EF /* CDUntappdOAuthViewController.swift */; };
		285D2A0A50CE41999425ED1A /* CDUntappdOAuthClient.swift in Sources */ = {isa = PBXBuildFile; fileRef = B2D6C3E11F43D5BE0067279A /* CDUntappdOAuthClient.swift */; };
		2B9572ACA4D84700B9162C30 /* CDUntappdKitError.swift in Sources */ = {isa = PBXBuildFile; fileRef = 81A2A4E8039346F6AA88B0CF /* CDUntappdKitError.swift */; };
		2CD7AA766B9F63BDD71BEAAC /* CDUntappdKeychain.swift in Sources */ = {isa = PBXBuildFile; fileRef = EA06C492646F2EA715A1A609 /* CDUntappdKeychain.swift */; };
		2D5E2DE2C13B4886B0DC8E78 /* CDUntappdBrewery.swift in Sources */ = {isa = PBXBuildFile; fileRef = B28180C41FCCD0BE00806E4C /* CDUntappdBrewery.swift */; };
		31273D2090A84ABD915BEEA7 /* CDUntappdCheckin.swift in Sources */ = {isa = PBXBuildFile; fileRef = B28180C81FCCD5CB00806E4C /* CDUntappdCheckin.swift */; };
		33C91DA110E648BD92BDA64D /* CDUntappdCategory.swift in Sources */ = {isa = PBXBuildFile; fileRef = B28180CE1FCCDE5600806E4C /* CDUntappdCategory.swift */; };
		39B18756EE29458DA8A85707 /* Parameters+CDUntappdKit.swift in Sources */ = {isa = PBXBuildFile; fileRef = B20232B21FC4D3DD00C33B69 /* Parameters+CDUntappdKit.swift */; };
		3A8CF389E4204A9991956404 /* CDUntappdKitError.swift in Sources */ = {isa = PBXBuildFile; fileRef = 81A2A4E8039346F6AA88B0CF /* CDUntappdKitError.swift */; };
		3AAFBF700CA841458812117D /* CDUntappdUserInfoResponse.swift in Sources */ = {isa = PBXBuildFile; fileRef = B20232BB1FC4D99D00C33B69 /* CDUntappdUserInfoResponse.swift */; };
		3E747222214E31755388799D /* CDUntappdKeychain.swift in Sources */ = {isa = PBXBuildFile; fileRef = EA06C492646F2EA715A1A609 /* CDUntappdKeychain.swift */; };
		43ED87EDD98248D7B3A984D7 /* CDUntappdBeer.swift in Sources */ = {isa = PBXBuildFile; fileRef = B28180C61FCCD0C700806E4C /* CDUntappdBeer.swift */; };
		4C083B3BDA248192C7420D57 /* CDUntappdKeychain.swift in Sources */ = {isa = PBXBuildFile; fileRef = EA06C492646F2EA715A1A609 /* CDUntappdKeychain.swift */; };
		513BDCD1FE364CF0BB6CBF09 /* CDUntappdAPIClient.swift in Sources */ = {isa = PBXBuildFile; fileRef = B20537181F398A0000338826 /* CDUntappdAPIClient.swift */; };
		53532188F0E342E79B2F07AB /* CDUntappdUser.swift in Sources */ = {isa = PBXBuildFile; fileRef = B20537101F3989E400338826 /* CDUntappdUser.swift */; };
		5593689E695242F6BA873EB3 /* CDUntappdEnums.swift in Sources */ = {isa = PBXBuildFile; fileRef = B20537191F398A0000338826 /* CDUntappdEnums.swift */; };
		56A4CD117ED12BC1AB6E83F7 /* CDUntappdParameterEncoding.swift in Sources */ = {isa = PBXBuildFile; fileRef = 98A4864428229E97BE2C70CD /* CDUntappdParameterEncoding.swift */; };
		581AA650291945D7A8558F59 /* CDUntappdMetadata.swift in Sources */ = {isa = PBXBuildFile; fileRef = B20232BD1FC4DC6800C33B69 /* CDUntappdMetadata.swift */; };
		585231DB9D53420EBDD722AD /* CDUntappdContact.swift in Sources */ = {isa = PBXBuildFile; fileRef = B205370E1F3989E400338826 /* CDUntappdContact.swift */; };
		590ED18F5FCE0BC43DADFC73 /* CDUntappdURLSession.swift in Sources */ = {isa = PBXBuildFile; fileRef = BD4447450D2E47DF3EC7464C /* CDUntappdURLSession.swift */; };
		62B136F688E6C07D68DF471E /* CDUntappdKeychain.swift in Sources */ = {isa = PBXBuildFile; fileRef = EA06C492646F2EA715A1A609 /* CDUntappdKeychain.swift */; };
		6662F0C66B5009FC7975A94D /* CDUntappdURLSession.swift in Sources */ = {isa = PBXBuildFile; fileRef = BD4447450D2E47DF3EC7464C /* CDUntappdURLSession.swift */; };
		73D7DC72F5F2BFD4AB076ADC /* CDUntappdParameterEncoding.swift in Sources */ = {isa = PBXBuildFile; fileRef = 98A4864428229E97BE2C70CD /* CDUntappdParameterEncoding.swift */; };
		7AA431ED994349A9B05EE76B /* CDUntappdMedia.swift in Sources */ = {isa = PBXBuildFile; fileRef = B28180D21FCCE49800806E4C /* CDUntappdMedia.swift */; };
		7B2551887E3644F49294B441 /* CDUntappdRecentBrew.swift in Sources */ = {isa = PBXBuildFile; fileRef = B28180BB1FCCCFF500806E4C /* CDUntappdRecentBrew.swift */; };
		7E317CB3952B43828464A875 /* CDUntappdOAuth.storyboard in Resources */ = {isa = PBXBuildFile; fileRef = B2B707091F3B7E6700FAA6EF /* CDUntappdOAuth.storyboard */; };
		817AEF7F09B545868697FAB2 /* CDUntappdOAuthViewController.swift in Sources */ = {isa = PBXBuildFile; fileRef = B2B7070D1F3B810400FAA6EF /* CDUntappdOAuthViewController.swift */; };
		874554AB2C4A40ECBDFCBB31 /* CDUntappdOAuthRouter.swift in Sources */ = {isa = PBXBuildFile; fileRef = B29E00B21F3A81E100302663 /* CDUntappdOAuthRouter.swift */; };
		881A854D88EA4E6382B17BEF /* CDUntappdUserFriendsResponse.swift in Sources */ = {isa = PBXBuildFile; fileRef = B20143E31FD0D0A8005FCBC8 /* CDUntappdUserFriendsResponse.swift */; };
		8A01D57EB1344D53B8939A87 /* CDUntappdKit.swift in Sources */ = {isa = PBXBuildFile; fileRef = B2409D0D286BA5330001AE66 /* CDUntappdKit.swift */; };
		8DB878BED072DCC92F549E18 /* CDUntappdURLSession.swift in Sources */ = {isa = PBXBuildFile; fileRef = BD4447450D2E47DF3EC7464C /* CDUntappdURLSession.swift */; };
		91237AD48515403F908B604F /* CDUntappdWishListItem.swift in Sources */ = {isa = PBXBuildFile; fileRef = B20143C91FD0C482005FCBC8 /* CDUntappdWishListItem.swift */; };
		93130342E0BE4484B9450D23 /* UIColor+CDUntappdKit.swift in Sources */ = {isa = PBXBuildFile; fileRef = B2C4A0381FCE2F2000B253A2 /* UIColor+CDUntappdKit.swift */; };
		A0CD199778964C67ABF43A81 /* CDUntappdOAuthCredential.swift in Sources */ = {isa = PBXBuildFile; fileRef = B29E00B41F3A82AF00302663 /* CDUntappdOAuthCredential.swift */; };
		A1797E8DF0BBBEAE5C079D7F /* CDUntappdParameterEncoding.swift in Sources */ = {isa = PBXBuildFile; fileRef = 98A4864428229E97BE2C70CD /* CDUntappdParameterEncoding.swift */; };
		A36A58B29E664B2CB71EBD6D /* UIApplication+CDUntappdKit.swift in Sources */ = {isa = PBXBuildFile; fileRef = B2B7070B1F3B800C00FAA6EF /* UIApplication+CDUntappdKit.swift */; };
		A36CCB5D31A6F044B181FFED /* CDUntappdURLSession.swift in Sources */ = {isa = PBXBuildFile; fileRef = BD4447450D2E47DF3EC7464C /* CDUntappdURLSession.swift */; };
		AE5B303502844CE1908DD5F1 /* UIApplication+CDUntappdKit.swift in Sources */ = {isa = PBXBuildFile; fileRef = B2B7070B1F3B800C00FAA6EF /* UIApplication+CDUntappdKit.swift */; };
		AF91F57238D44E9DA396FC2B /* CDUntappdFriend.swift in Sources */ = {isa = PBXBuildFile; fileRef = B20143E51FD0D109005FCBC8 /* CDUntappdFriend.swift */; };
		B20143BF1FD0C2D4005FCBC8 /* CDUntappdUserWishListResponse.swift in Sources */ = {isa = PBXBuildFile; fileRef = B20143BE1FD0C2D4005FCBC8 /* CDUntappdUserWishListResponse.swift */; };
		B20143C81FD0C3D7005FCBC8 /* CDUntappdWishList.swift in Sources */ = {isa = PBXBuildFile; fileRef = B20143C71FD0C3D7005FCBC8 /* CDUntappdWishList.swift */; };
		B20143CA1FD0C482005FCBC8 /* CDUntappdWishListItem.swift in Sources */ = {isa = PBXBuildFile; fileRef = B20143C91FD0C482005FCBC8 /* CDUntappdWishListItem.swift */; };
		B20143E41FD0D0A8005FCBC8 /* CDUntappdUserFriendsResponse.swift in Sources */ = {isa = PBXBuildFile; fileRef = B20143E31FD0D0A8005FCBC8 /* CDUntappdUserFriendsResponse.swift */; };
		B20143E61FD0D109005FCBC8 /* CDUntappdFriend.swift in Sources */ = {isa = PBXBuildFile; fileRef = B20143E51FD0D109005FCBC8 /* CDUntappdFriend.swift */; };
		B20232B31FC4D3DD00C33B69 /* Parameters+CDUntappdKit.swift in Sources */ = {isa = PBXBuildFile; fileRef = B20232B21FC4D3DD00C33B69 /* Parameters+CDUntappdKit.swift */; };
		B20232BC1FC4D99D00C33B69 /* CDUntappdUserInfoResponse.swift in Sources */ = {isa = PBXBuildFile; fileRef = B20232BB1FC4D99D00C33B69 /* CDUntappdUserInfoResponse.swift */; };
		B20232BE1FC4DC6800C33B69 /* CDUntappdMetadata.swift in Sources */ = {isa = PBXBuildFile; fileRef = B20232BD1FC4DC6800C33B69 /* CDUntappdMetadata.swift */; };
		B20537121F3989E400338826 /* CDUntappdContact.swift in Sources */ = {isa = PBXBuildFile; fileRef = B205370E1F3989E400338826 /* CDUntappdContact.swift */; };
		B20537131F3989E400338826 /* CDUntappdStats.swift in Sources */ = {isa = PBXBuildFile; fileRef = B205370F1F3989E400338826 /* CDUntappdStats.swift */; };
		B20537141F3989E400338826 /* CDUntappdUser.swift in Sources */ = {isa = PBXBuildFile; fileRef = B20537101F3989E400338826 /* CDUntappdUser.swift */; };
		B20537151F3989E400338826 /* CDUntappdSettings.swift in Sources */ = {isa = PBXBuildFile; fileRef = B20537111F3989E400338826 /* CDUntappdSettings.swift */; };
		B205371A1F398A0000338826 /* CDUntappdRouter.swift in Sources */ = {isa = PBXBuildFile; fileRef = B20537161F398A0000338826 /* CDUntappdRouter.swift */; };
		B205371B1F398A0000338826 /* CDUntappdConstants.swift in Sources */ = {isa = PBXBuildFile; fileRef = B20537171F398A0000338826 /* CDUntappdConstants.swift */; };
		B205371C1F398A0000338826 /* CDUntappdAPIClient.swift in Sources */ = {isa = PBXBuildFile; fileRef = B20537181F398A0000338826 /* CDUntappdAPIClient.swift */; };
		B205371D1F398A0000338826 /* CDUntappdEnums.swift in Sources */ = {isa = PBXBuildFile; fileRef = B20537191F398A0000338826 /* CDUntappdEnums.swift */; };
		B22019701FD203EF00A2BE3F /* Parameters+CDUntappdKit.swift in Sources */ = {isa = PBXBuildFile; fileRef = B20232B21FC4D3DD00C33B69 /* Parameters+CDUntappdKit.swift */; };
		B22019711FD203EF00A2BE3F /* String+CDUntappdKit.swift in Sources */ = {isa = PBXBuildFile; fileRef = B26791821F350A10008635CD /* String+CDUntappdKit.swift */; };
		B22019731FD203EF00A2BE3F /* UIColor+CDUntappdKit.swift in Sources */ = {isa = PBXBuildFile; fileRef = B2C4A0381FCE2F2000B253A2 /* UIColor+CDUntappdKit.swift */; };
		B22019741FD203EF00A2BE3F /* CDUntappdBadge.swift in Sources */ = {isa = PBXBuildFile; fileRef = B28180D01FCCE38100806E4C /* CDUntappdBadge.swift */; };
		B22019751FD203EF00A2BE3F /* CDUntappdBeer.swift in Sources */ = {isa = PBXBuildFile; fileRef = B28180C61FCCD0C700806E4C /* CDUntappdBeer.swift */; };
		B22019761FD203EF00A2BE3F /* CDUntappdBrewery.swift in Sources */ = {isa = PBXBuildFile; fileRef = B28180C41FCCD0BE00806E4C /* CDUntappdBrewery.swift */; };
		B22019771FD203EF00A2BE3F /* CDUntappdCategory.swift in Sources */ = {isa = PBXBuildFile; fileRef = B28180CE1FCCDE5600806E4C /* CDUntappdCategory.swift */; };
		B22019781FD203EF00A2BE3F /* CDUntappdCheckin.swift in Sources */ = {isa = PBXBuildFile; fileRef = B28180C81FCCD5CB00806E4C /* CDUntappdCheckin.swift */; };
		B22019791FD203EF00A2BE3F /* CDUntappdContact.swift in Sources */ = {isa = PBXBuildFile; fileRef = B205370E1F3989E400338826 /* CDUntappdContact.swift */; };
		B220197A1FD203EF00A2BE3F /* CDUntappdFriend.swift in Sources */ = {isa = PBXBuildFile; fileRef = B20143E51FD0D109005FCBC8 /* CDUntappdFriend.swift */; };
		B220197B1FD203EF00A2BE3F /* CDUntappdMedia.swift in Sources */ = {isa = PBXBuildFile; fileRef = B28180D21FCCE49800806E4C /* CDUntappdMedia.swift */; };
		B220197C1FD203EF00A2BE3F /* CDUntappdMetadata.swift in Sources */ = {isa = PBXBuildFile; fileRef = B20232BD1FC4DC6800C33B69 /* CDUntappdMetadata.swift */; };
		B220197D1FD203EF00A2BE3F /* CDUntappdRecentBrew.swift in Sources */ = {isa = PBXBuildFile; fileRef = B28180BB1FCCCFF500806E4C /* CDUntappdRecentBrew.swift */; };
		B220197E1FD203EF00A2BE3F /* CDUntappdSettings.swift in Sources */ = {isa = PBXBuildFile; fileRef = B20537111F3989E400338826 /* CDUntappdSettings.swift */; };
		B220197F1FD203EF00A2BE3F /* CDUntappdSource.swift in Sources */ = {isa = PBXBuildFile; fileRef = B28180CA1FCCD95E00806E4C /* CDUntappdSource.swift */; };
		B22019801FD203EF00A2BE3F /* CDUntappdStats.swift in Sources */ = {isa = PBXBuildFile; fileRef = B205370F1F3989E400338826 /* CDUntappdStats.swift */; };
		B22019811FD203EF00A2BE3F /* CDUntappdUser.swift in Sources */ = {isa = PBXBuildFile; fileRef = B20537101F3989E400338826 /* CDUntappdUser.swift */; };
		B22019821FD203EF00A2BE3F /* CDUntappdUserFriendsResponse.swift in Sources */ = {isa = PBXBuildFile; fileRef = B20143E31FD0D0A8005FCBC8 /* CDUntappdUserFriendsResponse.swift */; };
		B22019831FD203EF00A2BE3F /* CDUntappdUserInfoResponse.swift in Sources */ = {isa = PBXBuildFile; fileRef = B20232BB1FC4D99D00C33B69 /* CDUntappdUserInfoResponse.swift */; };
		B22019841FD203EF00A2BE3F /* CDUntappdUserWishListResponse.swift in Sources */ = {isa = PBXBuildFile; fileRef = B20143BE1FD0C2D4005FCBC8 /* CDUntappdUserWishListResponse.swift */; };
		B22019851FD203EF00A2BE3F /* CDUntappdVenue.swift in Sources */ = {isa = PBXBuildFile; fileRef = B28180CC1FCCDA1500806E4C /* CDUntappdVenue.swift */; };
		B22019861FD203EF00A2BE3F /* CDUntappdWishList.swift in Sources */ = {isa = PBXBuildFile; fileRef = B20143C71FD0C3D7005FCBC8 /* CDUntappdWishList.swift */; };
		B22019871FD203EF00A2BE3F /* CDUntappdWishListItem.swift in Sources */ = {isa = PBXBuildFile; fileRef = B20143C91FD0C482005FCBC8 /* CDUntappdWishListItem.swift */; };
		B22019881FD203EF00A2BE3F /* CDUntappdOAuthClient.swift in Sources */ = {isa = PBXBuildFile; fileRef = B2D6C3E11F43D5BE0067279A /* CDUntappdOAuthClient.swift */; };
		B22019891FD203EF00A2BE3F /* CDUntappdOAuthCredential.swift in Sources */ = {isa = PBXBuildFile; fileRef = B29E00B41F3A82AF00302663 /* CDUntappdOAuthCredential.swift */; };
		B220198A1FD203EF00A2BE3F /* CDUntappdOAuthRouter.swift in Sources */ = {isa = PBXBuildFile; fileRef = B29E00B21F3A81E100302663 /* CDUntappdOAuthRouter.swift */; };
		B220198C1FD203EF00A2BE3F /* CDUntappdAPIClient.swift in Sources */ = {isa = PBXBuildFile; fileRef = B20537181F398A0000338826 /* CDUntappdAPIClient.swift */; };
		B220198D1FD203EF00A2BE3F /* CDUntappdConstants.swift in Sources */ = {isa = PBXBuildFile; fileRef = B20537171F398A0000338826 /* CDUntappdConstants.swift */; };
		B220198E1FD203EF00A2BE3F /* CDUntappdEnums.swift in Sources */ = {isa = PBXBuildFile; fileRef = B20537191F398A0000338826 /* CDUntappdEnums.swift */; };
		B220198F1FD203EF00A2BE3F /* CDUntappdRouter.swift in Sources */ = {isa = PBXBuildFile; fileRef = B20537161F398A0000338826 /* CDUntappdRouter.swift */; };
		B22019A31FD207AE00A2BE3F /* Parameters+CDUntappdKit.swift in Sources */ = {isa = PBXBuildFile; fileRef = B20232B21FC4D3DD00C33B69 /* Parameters+CDUntappdKit.swift */; };
		B22019A41FD207AE00A2BE3F /* String+CDUntappdKit.swift in Sources */ = {isa = PBXBuildFile; fileRef = B26791821F350A10008635CD /* String+CDUntappdKit.swift */; };
		B22019A51FD207AE00A2BE3F /* UIColor+CDUntappdKit.swift in Sources */ = {isa = PBXBuildFile; fileRef = B2C4A0381FCE2F2000B253A2 /* UIColor+CDUntappdKit.swift */; };
		B22019A61FD207AE00A2BE3F /* CDUntappdBadge.swift in Sources */ = {isa = PBXBuildFile; fileRef = B28180D01FCCE38100806E4C /* CDUntappdBadge.swift */; };
		B22019A71FD207AE00A2BE3F /* CDUntappdBeer.swift in Sources */ = {isa = PBXBuildFile; fileRef = B28180C61FCCD0C700806E4C /* CDUntappdBeer.swift */; };
		B22019A81FD207AE00A2BE3F /* CDUntappdBrewery.swift in Sources */ = {isa = PBXBuildFile; fileRef = B28180C41FCCD0BE00806E4C /* CDUntappdBrewery.swift */; };
		B22019A91FD207AE00A2BE3F /* CDUntappdCategory.swift in Sources */ = {isa = PBXBuildFile; fileRef = B28180CE1FCCDE5600806E4C /* CDUntappdCategory.swift */; };
		B22019AA1FD207AE00A2BE3F /* CDUntappdCheckin.swift in Sources */ = {isa = PBXBuildFile; fileRef = B28180C81FCCD5CB00806E4C /* CDUntappdCheckin.swift */; };
		B22019AB1FD207AE00A2BE3F /* CDUntappdContact.swift in Sources */ = {isa = PBXBuildFile; fileRef = B205370E1F3989E400338826 /* CDUntappdContact.swift */; };
		B22019AC1FD207AE00A2BE3F /* CDUntappdFriend.swift in Sources */ = {isa = PBXBuildFile; fileRef = B20143E51FD0D109005FCBC8 /* CDUntappdFriend.swift */; };
		B22019AD1FD207AE00A2BE3F /* CDUntappdMedia.swift in Sources */ = {isa = PBXBuildFile; fileRef = B28180D21FCCE49800806E4C /* CDUntappdMedia.swift */; };
		B22019AE1FD207AE00A2BE3F /* CDUntappdMetadata.swift in Sources */ = {isa = PBXBuildFile; fileRef = B20232BD1FC4DC6800C33B69 /* CDUntappdMetadata.swift */; };
		B22019AF1FD207AE00A2BE3F /* CDUntappdRecentBrew.swift in Sources */ = {isa = PBXBuildFile; fileRef = B28180BB1FCCCFF500806E4C /* CDUntappdRecentBrew.swift */; };
		B22019B01FD207AE00A2BE3F /* CDUntappdSettings.swift in Sources */ = {isa = PBXBuildFile; fileRef = B20537111F3989E400338826 /* CDUntappdSettings.swift */; };
		B22019B11FD207AE00A2BE3F /* CDUntappdSource.swift in Sources */ = {isa = PBXBuildFile; fileRef = B28180CA1FCCD95E00806E4C /* CDUntappdSource.swift */; };
		B22019B21FD207AE00A2BE3F /* CDUntappdStats.swift in Sources */ = {isa = PBXBuildFile; fileRef = B205370F1F3989E400338826 /* CDUntappdStats.swift */; };
		B22019B31FD207AE00A2BE3F /* CDUntappdUser.swift in Sources */ = {isa = PBXBuildFile; fileRef = B20537101F3989E400338826 /* CDUntappdUser.swift */; };
		B22019B41FD207AE00A2BE3F /* CDUntappdUserFriendsResponse.swift in Sources */ = {isa = PBXBuildFile; fileRef = B20143E31FD0D0A8005FCBC8 /* CDUntappdUserFriendsResponse.swift */; };
		B22019B51FD207AE00A2BE3F /* CDUntappdUserInfoResponse.swift in Sources */ = {isa = PBXBuildFile; fileRef = B20232BB1FC4D99D00C33B69 /* CDUntappdUserInfoResponse.swift */; };
		B22019B61FD207AE00A2BE3F /* CDUntappdUserWishListResponse.swift in Sources */ = {isa = PBXBuildFile; fileRef = B20143BE1FD0C2D4005FCBC8 /* CDUntappdUserWishListResponse.swift */; };
		B22019B71FD207AE00A2BE3F /* CDUntappdVenue.swift in Sources */ = {isa = PBXBuildFile; fileRef = B28180CC1FCCDA1500806E4C /* CDUntappdVenue.swift */; };
		B22019B81FD207AE00A2BE3F /* CDUntappdWishList.swift in Sources */ = {isa = PBXBuildFile; fileRef = B20143C71FD0C3D7005FCBC8 /* CDUntappdWishList.swift */; };
		B22019B91FD207AE00A2BE3F /* CDUntappdWishListItem.swift in Sources */ = {isa = PBXBuildFile; fileRef = B20143C91FD0C482005FCBC8 /* CDUntappdWishListItem.swift */; };
		B22019BA1FD207AE00A2BE3F /* CDUntappdOAuthClient.swift in Sources */ = {isa = PBXBuildFile; fileRef = B2D6C3E11F43D5BE0067279A /* CDUntappdOAuthClient.swift */; };
		B22019BB1FD207AE00A2BE3F /* CDUntappdOAuthCredential.swift in Sources */ = {isa = PBXBuildFile; fileRef = B29E00B41F3A82AF00302663 /* CDUntappdOAuthCredential.swift */; };
		B22019BC1FD207AE00A2BE3F /* CDUntappdOAuthRouter.swift in Sources */ = {isa = PBXBuildFile; fileRef = B29E00B21F3A81E100302663 /* CDUntappdOAuthRouter.swift */; };
		B22019BD1FD207AE00A2BE3F /* CDUntappdAPIClient.swift in Sources */ = {isa = PBXBuildFile; fileRef = B20537181F398A0000338826 /* CDUntappdAPIClient.swift */; };
		B22019BE1FD207AE00A2BE3F /* CDUntappdConstants.swift in Sources */ = {isa = PBXBuildFile; fileRef = B20537171F398A0000338826 /* CDUntappdConstants.swift */; };
		B22019BF1FD207AE00A2BE3F /* CDUntappdEnums.swift in Sources */ = {isa = PBXBuildFile; fileRef = B20537191F398A0000338826 /* CDUntappdEnums.swift */; };
		B22019C01FD207AE00A2BE3F /* CDUntappdRouter.swift in Sources */ = {isa = PBXBuildFile; fileRef = B20537161F398A0000338826 /* CDUntappdRouter.swift */; };
		B22019D51FD2129200A2BE3F /* Parameters+CDUntappdKit.swift in Sources */ = {isa = PBXBuildFile; fileRef = B20232B21FC4D3DD00C33B69 /* Parameters+CDUntappdKit.swift */; };
		B22019D61FD2129200A2BE3F /* String+CDUntappdKit.swift in Sources */ = {isa = PBXBuildFile; fileRef = B26791821F350A10008635CD /* String+CDUntappdKit.swift */; };
		B22019D71FD2129200A2BE3F /* UIColor+CDUntappdKit.swift in Sources */ = {isa = PBXBuildFile; fileRef = B2C4A0381FCE2F2000B253A2 /* UIColor+CDUntappdKit.swift */; };
		B22019D81FD2129200A2BE3F /* CDUntappdBadge.swift in Sources */ = {isa = PBXBuildFile; fileRef = B28180D01FCCE38100806E4C /* CDUntappdBadge.swift */; };
		B22019D91FD2129200A2BE3F /* CDUntappdBeer.swift in Sources */ = {isa = PBXBuildFile; fileRef = B28180C61FCCD0C700806E4C /* CDUntappdBeer.swift */; };
		B22019DA1FD2129200A2BE3F /* CDUntappdBrewery.swift in Sources */ = {isa = PBXBuildFile; fileRef = B28180C41FCCD0BE00806E4C /* CDUntappdBrewery.swift */; };
		B22019DB1FD2129200A2BE3F /* CDUntappdCategory.swift in Sources */ = {isa = PBXBuildFile; fileRef = B28180CE1FCCDE5600806E4C /* CDUntappdCategory.swift */; };
		B22019DC1FD2129200A2BE3F /* CDUntappdCheckin.swift in Sources */ = {isa = PBXBuildFile; fileRef = B28180C81FCCD5CB00806E4C /* CDUntappdCheckin.swift */; };
		B22019DD1FD2129200A2BE3F /* CDUntappdContact.swift in Sources */ = {isa = PBXBuildFile; fileRef = B205370E1F3989E400338826 /* CDUntappdContact.swift */; };
		B22019DE1FD2129200A2BE3F /* CDUntappdFriend.swift in Sources */ = {isa = PBXBuildFile; fileRef = B20143E51FD0D109005FCBC8 /* CDUntappdFriend.swift */; };
		B22019DF1FD2129200A2BE3F /* CDUntappdMedia.swift in Sources */ = {isa = PBXBuildFile; fileRef = B28180D21FCCE49800806E4C /* CDUntappdMedia.swift */; };
		B22019E01FD2129200A2BE3F /* CDUntappdMetadata.swift in Sources */ = {isa = PBXBuildFile; fileRef = B20232BD1FC4DC6800C33B69 /* CDUntappdMetadata.swift */; };
		B22019E11FD2129200A2BE3F /* CDUntappdRecentBrew.swift in Sources */ = {isa = PBXBuildFile; fileRef = B28180BB1FCCCFF500806E4C /* CDUntappdRecentBrew.swift */; };
		B22019E21FD2129200A2BE3F /* CDUntappdSettings.swift in Sources */ = {isa = PBXBuildFile; fileRef = B20537111F3989E400338826 /* CDUntappdSettings.swift */; };
		B22019E31FD2129200A2BE3F /* CDUntappdSource.swift in Sources */ = {isa = PBXBuildFile; fileRef = B28180CA1FCCD95E00806E4C /* CDUntappdSource.swift */; };
		B22019E41FD2129200A2BE3F /* CDUntappdStats.swift in Sources */ = {isa = PBXBuildFile; fileRef = B205370F1F3989E400338826 /* CDUntappdStats.swift */; };
		B22019E51FD2129200A2BE3F /* CDUntappdUser.swift in Sources */ = {isa = PBXBuildFile; fileRef = B20537101F3989E400338826 /* CDUntappdUser.swift */; };
		B22019E61FD2129200A2BE3F /* CDUntappdUserFriendsResponse.swift in Sources */ = {isa = PBXBuildFile; fileRef = B20143E31FD0D0A8005FCBC8 /* CDUntappdUserFriendsResponse.swift */; };
		B22019E71FD2129200A2BE3F /* CDUntappdUserInfoResponse.swift in Sources */ = {isa = PBXBuildFile; fileRef = B20232BB1FC4D99D00C33B69 /* CDUntappdUserInfoResponse.swift */; };
		B22019E81FD2129200A2BE3F /* CDUntappdUserWishListResponse.swift in Sources */ = {isa = PBXBuildFile; fileRef = B20143BE1FD0C2D4005FCBC8 /* CDUntappdUserWishListResponse.swift */; };
		B22019E91FD2129200A2BE3F /* CDUntappdVenue.swift in Sources */ = {isa = PBXBuildFile; fileRef = B28180CC1FCCDA1500806E4C /* CDUntappdVenue.swift */; };
		B22019EA1FD2129200A2BE3F /* CDUntappdWishList.swift in Sources */ = {isa = PBXBuildFile; fileRef = B20143C71FD0C3D7005FCBC8 /* CDUntappdWishList.swift */; };
		B22019EB1FD2129200A2BE3F /* CDUntappdWishListItem.swift in Sources */ = {isa = PBXBuildFile; fileRef = B20143C91FD0C482005FCBC8 /* CDUntappdWishListItem.swift */; };
		B22019EC1FD2129200A2BE3F /* CDUntappdOAuthClient.swift in Sources */ = {isa = PBXBuildFile; fileRef = B2D6C3E11F43D5BE0067279A /* CDUntappdOAuthClient.swift */; };
		B22019ED1FD2129200A2BE3F /* CDUntappdOAuthCredential.swift in Sources */ = {isa = PBXBuildFile; fileRef = B29E00B41F3A82AF00302663 /* CDUntappdOAuthCredential.swift */; };
		B22019EE1FD2129200A2BE3F /* CDUntappdOAuthRouter.swift in Sources */ = {isa = PBXBuildFile; fileRef = B29E00B21F3A81E100302663 /* CDUntappdOAuthRouter.swift */; };
		B22019EF1FD2129200A2BE3F /* CDUntappdAPIClient.swift in Sources */ = {isa = PBXBuildFile; fileRef = B20537181F398A0000338826 /* CDUntappdAPIClient.swift */; };
		B22019F01FD2129200A2BE3F /* CDUntappdConstants.swift in Sources */ = {isa = PBXBuildFile; fileRef = B20537171F398A0000338826 /* CDUntappdConstants.swift */; };
		B22019F11FD2129200A2BE3F /* CDUntappdEnums.swift in Sources */ = {isa = PBXBuildFile; fileRef = B20537191F398A0000338826 /* CDUntappdEnums.swift */; };
		B22019F21FD2129200A2BE3F /* CDUntappdRouter.swift in Sources */ = {isa = PBXBuildFile; fileRef = B20537161F398A0000338826 /* CDUntappdRouter.swift */; };
		B22019F51FD21A7800A2BE3F /* CDColor.swift in Sources */ = {isa = PBXBuildFile; fileRef = B22019F41FD21A7800A2BE3F /* CDColor.swift */; };
		B22019F61FD21A7800A2BE3F /* CDColor.swift in Sources */ = {isa = PBXBuildFile; fileRef = B22019F41FD21A7800A2BE3F /* CDColor.swift */; };
		B22019F71FD21A7800A2BE3F /* CDColor.swift in Sources */ = {isa = PBXBuildFile; fileRef = B22019F41FD21A7800A2BE3F /* CDColor.swift */; };
		B22019F81FD21A7800A2BE3F /* CDColor.swift in Sources */ = {isa = PBXBuildFile; fileRef = B22019F41FD21A7800A2BE3F /* CDColor.swift */; };
		B2409D0E286BA5330001AE66 /* CDUntappdKit.swift in Sources */ = {isa = PBXBuildFile; fileRef = B2409D0D286BA5330001AE66 /* CDUntappdKit.swift */; };
		B2409D0F286BA5330001AE66 /* CDUntappdKit.swift in Sources */ = {isa = PBXBuildFile; fileRef = B2409D0D286BA5330001AE66 /* CDUntappdKit.swift */; };
		B2409D10286BA5330001AE66 /* CDUntappdKit.swift in Sources */ = {isa = PBXBuildFile; fileRef = B2409D0D286BA5330001AE66 /* CDUntappdKit.swift */; };
		B2409D11286BA5330001AE66 /* CDUntappdKit.swift in Sources */ = {isa = PBXBuildFile; fileRef = B2409D0D286BA5330001AE66 /* CDUntappdKit.swift */; };
		B26791831F350A10008635CD /* String+CDUntappdKit.swift in Sources */ = {isa = PBXBuildFile; fileRef = B26791821F350A10008635CD /* String+CDUntappdKit.swift */; };
		B28180BC1FCCCFF500806E4C /* CDUntappdRecentBrew.swift in Sources */ = {isa = PBXBuildFile; fileRef = B28180BB1FCCCFF500806E4C /* CDUntappdRecentBrew.swift */; };
		B28180C51FCCD0BE00806E4C /* CDUntappdBrewery.swift in Sources */ = {isa = PBXBuildFile; fileRef = B28180C41FCCD0BE00806E4C /* CDUntappdBrewery.swift */; };
		B28180C71FCCD0C700806E4C /* CDUntappdBeer.swift in Sources */ = {isa = PBXBuildFile; fileRef = B28180C61FCCD0C700806E4C /* CDUntappdBeer.swift */; };
		B28180C91FCCD5CB00806E4C /* CDUntappdCheckin.swift in Sources */ = {isa = PBXBuildFile; fileRef = B28180C81FCCD5CB00806E4C /* CDUntappdCheckin.swift */; };
		B28180CB1FCCD95E00806E4C /* CDUntappdSource.swift in Sources */ = {isa = PBXBuildFile; fileRef = B28180CA1FCCD95E00806E4C /* CDUntappdSource.swift */; };
		B28180CD1FCCDA1500806E4C /* CDUntappdVenue.swift in Sources */ = {isa = PBXBuildFile; fileRef = B28180CC1FCCDA1500806E4C /* CDUntappdVenue.swift */; };
		B28180CF1FCCDE5600806E4C /* CDUntappdCategory.swift in Sources */ = {isa = PBXBuildFile; fileRef = B28180CE1FCCDE5600806E4C /* CDUntappdCategory.swift */; };
		B28180D11FCCE38100806E4C /* CDUntappdBadge.swift in Sources */ = {isa = PBXBuildFile; fileRef = B28180D01FCCE38100806E4C /* CDUntappdBadge.swift */; };
		B28180D31FCCE49800806E4C /* CDUntappdMedia.swift in Sources */ = {isa = PBXBuildFile; fileRef = B28180D21FCCE49800806E4C /* CDUntappdMedia.swift */; };
		B29E00B31F3A81E100302663 /* CDUntappdOAuthRouter.swift in Sources */ = {isa = PBXBuildFile; fileRef = B29E00B21F3A81E100302663 /* CDUntappdOAuthRouter.swift */; };
		B29E00B51F3A82AF00302663 /* CDUntappdOAuthCredential.swift in Sources */ = {isa = PBXBuildFile; fileRef = B29E00B41F3A82AF00302663 /* CDUntappdOAuthCredential.swift */; };
		B2B7070A1F3B7E6700FAA6EF /* CDUntappdOAuth.storyboard in Resources */ = {isa = PBXBuildFile; fileRef = B2B707091F3B7E6700FAA6EF /* CDUntappdOAuth.storyboard */; };
		B2B7070C1F3B800C00FAA6EF /* UIApplication+CDUntappdKit.swift in Sources */ = {isa = PBXBuildFile; fileRef = B2B7070B1F3B800C00FAA6EF /* UIApplication+CDUntappdKit.swift */; };
		B2B7070E1F3B810400FAA6EF /* CDUntappdOAuthViewController.swift in Sources */ = {isa = PBXBuildFile; fileRef = B2B7070D1F3B810400FAA6EF /* CDUntappdOAuthViewController.swift */; };
		B2C4A0391FCE2F2000B253A2 /* UIColor+CDUntappdKit.swift in Sources */ = {isa = PBXBuildFile; fileRef = B2C4A0381FCE2F2000B253A2 /* UIColor+CDUntappdKit.swift */; };
		B2D6C3E21F43D5BE0067279A /* CDUntappdOAuthClient.swift in Sources */ = {isa = PBXBuildFile; fileRef = B2D6C3E11F43D5BE0067279A /* CDUntappdOAuthClient.swift */; };
		B2E12D0A2DA941F19801CE2D /* CDUntappdStats.swift in Sources */ = {isa = PBXBuildFile; fileRef = B205370F1F3989E400338826 /* CDUntappdStats.swift */; };
		B59A30D9334B402FB2C9D934 /* CDUntappdConstants.swift in Sources */ = {isa = PBXBuildFile; fileRef = B20537171F398A0000338826 /* CDUntappdConstants.swift */; };
		B6B92BDB55024543847DDC64 /* UIApplication+CDUntappdKit.swift in Sources */ = {isa = PBXBuildFile; fileRef = B2B7070B1F3B800C00FAA6EF /* UIApplication+CDUntappdKit.swift */; };
		B79A93F141A24A93BB38650A /* CDUntappdKitError.swift in Sources */ = {isa = PBXBuildFile; fileRef = 81A2A4E8039346F6AA88B0CF /* CDUntappdKitError.swift */; };
		B7FB237B8EB24EB78E14FD5E /* CDUntappdUserWishListResponse.swift in Sources */ = {isa = PBXBuildFile; fileRef = B20143BE1FD0C2D4005FCBC8 /* CDUntappdUserWishListResponse.swift */; };
		B8C2AC1AE4404079ACF52095 /* CDUntappdSource.swift in Sources */ = {isa = PBXBuildFile; fileRef = B28180CA1FCCD95E00806E4C /* CDUntappdSource.swift */; };
		BF04CD211EA56ACEDDBE0DEE /* CDUntappdParameterEncoding.swift in Sources */ = {isa = PBXBuildFile; fileRef = 98A4864428229E97BE2C70CD /* CDUntappdParameterEncoding.swift */; };
		BF4BFB5699BF43D4943F1E11 /* CDUntappdWishList.swift in Sources */ = {isa = PBXBuildFile; fileRef = B20143C71FD0C3D7005FCBC8 /* CDUntappdWishList.swift */; };
		CAA783654F674767AB6AD9C1 /* CDUntappdVenue.swift in Sources */ = {isa = PBXBuildFile; fileRef = B28180CC1FCCDA1500806E4C /* CDUntappdVenue.swift */; };
		CF9411FFB099ED3EF8366A02 /* CDUntappdURLSession.swift in Sources */ = {isa = PBXBuildFile; fileRef = BD4447450D2E47DF3EC7464C /* CDUntappdURLSession.swift */; };
		D2CD00693FC5416D966D1C18 /* CDUntappdOAuthViewController.swift in Sources */ = {isa = PBXBuildFile; fileRef = B2B7070D1F3B810400FAA6EF /* CDUntappdOAuthViewController.swift */; };
		DEE602C7B3BA1BE7C7B882A5 /* CDUntappdParameterEncoding.swift in Sources */ = {isa = PBXBuildFile; fileRef = 98A4864428229E97BE2C70CD /* CDUntappdParameterEncoding.swift */; };
		E360E006E8CC4E159A12E3DE /* CDUntappdKitError.swift in Sources */ = {isa = PBXBuildFile; fileRef = 81A2A4E8039346F6AA88B0CF /* CDUntappdKitError.swift */; };
		E456D4500A0A495894543533 /* CDUntappdRouter.swift in Sources */ = {isa = PBXBuildFile; fileRef = B20537161F398A0000338826 /* CDUntappdRouter.swift */; };
		EA63B1E7D22E4122FEEEFB54 /* CDUntappdKeychain.swift in Sources */ = {isa = PBXBuildFile; fileRef = EA06C492646F2EA715A1A609 /* CDUntappdKeychain.swift */; };
		ED532774644A4D6ABF868416 /* UIApplication+CDUntappdKit.swift in Sources */ = {isa = PBXBuildFile; fileRef = B2B7070B1F3B800C00FAA6EF /* UIApplication+CDUntappdKit.swift */; };
		EEC5722218404D0F860D20EE /* String+CDUntappdKit.swift in Sources */ = {isa = PBXBuildFile; fileRef = B26791821F350A10008635CD /* String+CDUntappdKit.swift */; };
		F1813F7F06074341868B7A4D /* CDUntappdSettings.swift in Sources */ = {isa = PBXBuildFile; fileRef = B20537111F3989E400338826 /* CDUntappdSettings.swift */; };
/* End PBXBuildFile section */

/* Begin PBXFileReference section */
		5F093C5E302D124C00AC238A /* CDUntappdKit.framework */ = {isa = PBXFileReference; explicitFileType = wrapper.framework; includeInIndex = 0; path = CDUntappdKit.framework; sourceTree = BUILT_PRODUCTS_DIR; };
		81A2A4E8039346F6AA88B0CF /* CDUntappdKitError.swift */ = {isa = PBXFileReference; lastKnownFileType = sourcecode.swift; path = CDUntappdKitError.swift; sourceTree = "<group>"; };
		98A4864428229E97BE2C70CD /* CDUntappdParameterEncoding.swift */ = {isa = PBXFileReference; includeInIndex = 1; lastKnownFileType = sourcecode.swift; path = CDUntappdParameterEncoding.swift; sourceTree = "<group>"; };
		B20143BE1FD0C2D4005FCBC8 /* CDUntappdUserWishListResponse.swift */ = {isa = PBXFileReference; lastKnownFileType = sourcecode.swift; path = CDUntappdUserWishListResponse.swift; sourceTree = "<group>"; };
		B20143C71FD0C3D7005FCBC8 /* CDUntappdWishList.swift */ = {isa = PBXFileReference; lastKnownFileType = sourcecode.swift; path = CDUntappdWishList.swift; sourceTree = "<group>"; };
		B20143C91FD0C482005FCBC8 /* CDUntappdWishListItem.swift */ = {isa = PBXFileReference; lastKnownFileType = sourcecode.swift; path = CDUntappdWishListItem.swift; sourceTree = "<group>"; };
		B20143E31FD0D0A8005FCBC8 /* CDUntappdUserFriendsResponse.swift */ = {isa = PBXFileReference; lastKnownFileType = sourcecode.swift; path = CDUntappdUserFriendsResponse.swift; sourceTree = "<group>"; };
		B20143E51FD0D109005FCBC8 /* CDUntappdFriend.swift */ = {isa = PBXFileReference; lastKnownFileType = sourcecode.swift; path = CDUntappdFriend.swift; sourceTree = "<group>"; };
		B20232B21FC4D3DD00C33B69 /* Parameters+CDUntappdKit.swift */ = {isa = PBXFileReference; lastKnownFileType = sourcecode.swift; path = "Parameters+CDUntappdKit.swift"; sourceTree = "<group>"; };
		B20232BB1FC4D99D00C33B69 /* CDUntappdUserInfoResponse.swift */ = {isa = PBXFileReference; lastKnownFileType = sourcecode.swift; path = CDUntappdUserInfoResponse.swift; sourceTree = "<group>"; };
		B20232BD1FC4DC6800C33B69 /* CDUntappdMetadata.swift */ = {isa = PBXFileReference; lastKnownFileType = sourcecode.swift; path = CDUntappdMetadata.swift; sourceTree = "<group>"; };
		B205370E1F3989E400338826 /* CDUntappdContact.swift */ = {isa = PBXFileReference; fileEncoding = 4; lastKnownFileType = sourcecode.swift; path = CDUntappdContact.swift; sourceTree = "<group>"; };
		B205370F1F3989E400338826 /* CDUntappdStats.swift */ = {isa = PBXFileReference; fileEncoding = 4; lastKnownFileType = sourcecode.swift; path = CDUntappdStats.swift; sourceTree = "<group>"; };
		B20537101F3989E400338826 /* CDUntappdUser.swift */ = {isa = PBXFileReference; fileEncoding = 4; lastKnownFileType = sourcecode.swift; path = CDUntappdUser.swift; sourceTree = "<group>"; };
		B20537111F3989E400338826 /* CDUntappdSettings.swift */ = {isa = PBXFileReference; fileEncoding = 4; lastKnownFileType = sourcecode.swift; path = CDUntappdSettings.swift; sourceTree = "<group>"; };
		B20537161F398A0000338826 /* CDUntappdRouter.swift */ = {isa = PBXFileReference; fileEncoding = 4; lastKnownFileType = sourcecode.swift; path = CDUntappdRouter.swift; sourceTree = "<group>"; };
		B20537171F398A0000338826 /* CDUntappdConstants.swift */ = {isa = PBXFileReference; fileEncoding = 4; lastKnownFileType = sourcecode.swift; path = CDUntappdConstants.swift; sourceTree = "<group>"; };
		B20537181F398A0000338826 /* CDUntappdAPIClient.swift */ = {isa = PBXFileReference; fileEncoding = 4; lastKnownFileType = sourcecode.swift; path = CDUntappdAPIClient.swift; sourceTree = "<group>"; };
		B20537191F398A0000338826 /* CDUntappdEnums.swift */ = {isa = PBXFileReference; fileEncoding = 4; lastKnownFileType = sourcecode.swift; path = CDUntappdEnums.swift; sourceTree = "<group>"; };
		B220195A1FD2030900A2BE3F /* CDUntappdKit.framework */ = {isa = PBXFileReference; explicitFileType = wrapper.framework; includeInIndex = 0; path = CDUntappdKit.framework; sourceTree = BUILT_PRODUCTS_DIR; };
		B22019961FD206F700A2BE3F /* CDUntappdKit.framework */ = {isa = PBXFileReference; explicitFileType = wrapper.framework; includeInIndex = 0; path = CDUntappdKit.framework; sourceTree = BUILT_PRODUCTS_DIR; };
		B22019C61FD207F700A2BE3F /* CDUntappdKit.framework */ = {isa = PBXFileReference; explicitFileType = wrapper.framework; includeInIndex = 0; path = CDUntappdKit.framework; sourceTree = BUILT_PRODUCTS_DIR; };
		B22019F41FD21A7800A2BE3F /* CDColor.swift */ = {isa = PBXFileReference; lastKnownFileType = sourcecode.swift; path = CDColor.swift; sourceTree = "<group>"; };
		B2409CC0286A50010001AE66 /* .swiftlint.yml */ = {isa = PBXFileReference; lastKnownFileType = text.yaml; path = .swiftlint.yml; sourceTree = "<group>"; };
		B2409CC8286A50120001AE66 /* ci.yml */ = {isa = PBXFileReference; lastKnownFileType = text.yaml; name = ci.yml; path = .github/workflows/ci.yml; sourceTree = "<group>"; };
		B2409CC9286A50310001AE66 /* PULL_REQUEST_TEMPLATE.md */ = {isa = PBXFileReference; lastKnownFileType = net.daringfireball.markdown; name = PULL_REQUEST_TEMPLATE.md; path = .github/PULL_REQUEST_TEMPLATE.md; sourceTree = "<group>"; };
		B2409D0D286BA5330001AE66 /* CDUntappdKit.swift */ = {isa = PBXFileReference; lastKnownFileType = sourcecode.swift; path = CDUntappdKit.swift; sourceTree = "<group>"; };
		B260A9741FC531140043FC0B /* LICENSE */ = {isa = PBXFileReference; fileEncoding = 4; lastKnownFileType = text; path = LICENSE; sourceTree = "<group>"; };
		B260A9751FC531140043FC0B /* Package.swift */ = {isa = PBXFileReference; fileEncoding = 4; lastKnownFileType = sourcecode.swift; path = Package.swift; sourceTree = "<group>"; };
		B260A97B1FC531A50043FC0B /* CHANGELOG.md */ = {isa = PBXFileReference; fileEncoding = 4; lastKnownFileType = net.daringfireball.markdown; path = CHANGELOG.md; sourceTree = "<group>"; };
		B260A97C1FC531A50043FC0B /* README.md */ = {isa = PBXFileReference; fileEncoding = 4; lastKnownFileType = net.daringfireball.markdown; path = README.md; sourceTree = "<group>"; };
		B260A97D1FC531A50043FC0B /* CONTRIBUTING.md */ = {isa = PBXFileReference; fileEncoding = 4; lastKnownFileType = net.daringfireball.markdown; path = CONTRIBUTING.md; sourceTree = "<group>"; };
		B267912E1F350723008635CD /* CDUntappdKit.framework */ = {isa = PBXFileReference; explicitFileType = wrapper.framework; includeInIndex = 0; path = CDUntappdKit.framework; sourceTree = BUILT_PRODUCTS_DIR; };
		B267913B1F350759008635CD /* Info.plist */ = {isa = PBXFileReference; fileEncoding = 4; lastKnownFileType = text.plist.xml; path = Info.plist; sourceTree = "<group>"; };
		B26791821F350A10008635CD /* String+CDUntappdKit.swift */ = {isa = PBXFileReference; fileEncoding = 4; lastKnownFileType = sourcecode.swift; path = "String+CDUntappdKit.swift"; sourceTree = "<group>"; };
		B28180BB1FCCCFF500806E4C /* CDUntappdRecentBrew.swift */ = {isa = PBXFileReference; lastKnownFileType = sourcecode.swift; path = CDUntappdRecentBrew.swift; sourceTree = "<group>"; };
		B28180C41FCCD0BE00806E4C /* CDUntappdBrewery.swift */ = {isa = PBXFileReference; lastKnownFileType = sourcecode.swift; path = CDUntappdBrewery.swift; sourceTree = "<group>"; };
		B28180C61FCCD0C700806E4C /* CDUntappdBeer.swift */ = {isa = PBXFileReference; lastKnownFileType = sourcecode.swift; path = CDUntappdBeer.swift; sourceTree = "<group>"; };
		B28180C81FCCD5CB00806E4C /* CDUntappdCheckin.swift */ = {isa = PBXFileReference; lastKnownFileType = sourcecode.swift; path = CDUntappdCheckin.swift; sourceTree = "<group>"; };
		B28180CA1FCCD95E00806E4C /* CDUntappdSource.swift */ = {isa = PBXFileReference; lastKnownFileType = sourcecode.swift; path = CDUntappdSource.swift; sourceTree = "<group>"; };
		B28180CC1FCCDA1500806E4C /* CDUntappdVenue.swift */ = {isa = PBXFileReference; lastKnownFileType = sourcecode.swift; path = CDUntappdVenue.swift; sourceTree = "<group>"; };
		B28180CE1FCCDE5600806E4C /* CDUntappdCategory.swift */ = {isa = PBXFileReference; lastKnownFileType = sourcecode.swift; path = CDUntappdCategory.swift; sourceTree = "<group>"; };
		B28180D01FCCE38100806E4C /* CDUntappdBadge.swift */ = {isa = PBXFileReference; lastKnownFileType = sourcecode.swift; path = CDUntappdBadge.swift; sourceTree = "<group>"; };
		B28180D21FCCE49800806E4C /* CDUntappdMedia.swift */ = {isa = PBXFileReference; lastKnownFileType = sourcecode.swift; path = CDUntappdMedia.swift; sourceTree = "<group>"; };
		B29E00B21F3A81E100302663 /* CDUntappdOAuthRouter.swift */ = {isa = PBXFileReference; fileEncoding = 4; lastKnownFileType = sourcecode.swift; path = CDUntappdOAuthRouter.swift; sourceTree = "<group>"; };
		B29E00B41F3A82AF00302663 /* CDUntappdOAuthCredential.swift */ = {isa = PBXFileReference; fileEncoding = 4; lastKnownFileType = sourcecode.swift; path = CDUntappdOAuthCredential.swift; sourceTree = "<group>"; };
		B2B707091F3B7E6700FAA6EF /* CDUntappdOAuth.storyboard */ = {isa = PBXFileReference; fileEncoding = 4; lastKnownFileType = file.storyboard; name = CDUntappdOAuth.storyboard; path = Resources/CDUntappdOAuth.storyboard; sourceTree = SOURCE_ROOT; };
		B2B7070B1F3B800C00FAA6EF /* UIApplication+CDUntappdKit.swift */ = {isa = PBXFileReference; fileEncoding = 4; lastKnownFileType = sourcecode.swift; path = "UIApplication+CDUntappdKit.swift"; sourceTree = "<group>"; };
		B2B7070D1F3B810400FAA6EF /* CDUntappdOAuthViewController.swift */ = {isa = PBXFileReference; fileEncoding = 4; lastKnownFileType = sourcecode.swift; path = CDUntappdOAuthViewController.swift; sourceTree = "<group>"; };
		B2C4A0381FCE2F2000B253A2 /* UIColor+CDUntappdKit.swift */ = {isa = PBXFileReference; lastKnownFileType = sourcecode.swift; path = "UIColor+CDUntappdKit.swift"; sourceTree = "<group>"; };
		B2D6C3E11F43D5BE0067279A /* CDUntappdOAuthClient.swift */ = {isa = PBXFileReference; fileEncoding = 4; lastKnownFileType = sourcecode.swift; path = CDUntappdOAuthClient.swift; sourceTree = "<group>"; };
		BD4447450D2E47DF3EC7464C /* CDUntappdURLSession.swift */ = {isa = PBXFileReference; includeInIndex = 1; lastKnownFileType = sourcecode.swift; path = CDUntappdURLSession.swift; sourceTree = "<group>"; };
		EA06C492646F2EA715A1A609 /* CDUntappdKeychain.swift */ = {isa = PBXFileReference; includeInIndex = 1; lastKnownFileType = sourcecode.swift; path = CDUntappdKeychain.swift; sourceTree = "<group>"; };
/* End PBXFileReference section */

/* Begin PBXFrameworksBuildPhase section */
		5F093C5B302D124C00AC238A /* Frameworks */ = {
			isa = PBXFrameworksBuildPhase;
			buildActionMask = 2147483647;
			files = (
			);
			runOnlyForDeploymentPostprocessing = 0;
		};
		B22019561FD2030900A2BE3F /* Frameworks */ = {
			isa = PBXFrameworksBuildPhase;
			buildActionMask = 2147483647;
			files = (
			);
			runOnlyForDeploymentPostprocessing = 0;
		};
		B22019921FD206F700A2BE3F /* Frameworks */ = {
			isa = PBXFrameworksBuildPhase;
			buildActionMask = 2147483647;
			files = (
			);
			runOnlyForDeploymentPostprocessing = 0;
		};
		B22019C21FD207F700A2BE3F /* Frameworks */ = {
			isa = PBXFrameworksBuildPhase;
			buildActionMask = 2147483647;
			files = (
			);
			runOnlyForDeploymentPostprocessing = 0;
		};
		B267912A1F350723008635CD /* Frameworks */ = {
			isa = PBXFrameworksBuildPhase;
			buildActionMask = 2147483647;
			files = (
			);
			runOnlyForDeploymentPostprocessing = 0;
		};
/* End PBXFrameworksBuildPhase section */

/* Begin PBXGroup section */
		B205370C1F39896700338826 /* Core */ = {
			isa = PBXGroup;
			children = (
				B20537181F398A0000338826 /* CDUntappdAPIClient.swift */,
				B20537171F398A0000338826 /* CDUntappdConstants.swift */,
				B20537191F398A0000338826 /* CDUntappdEnums.swift */,
				B20537161F398A0000338826 /* CDUntappdRouter.swift */,
				81A2A4E8039346F6AA88B0CF /* CDUntappdKitError.swift */,
				98A4864428229E97BE2C70CD /* CDUntappdParameterEncoding.swift */,
				BD4447450D2E47DF3EC7464C /* CDUntappdURLSession.swift */,
				EA06C492646F2EA715A1A609 /* CDUntappdKeychain.swift */,
			);
			name = Core;
			sourceTree = "<group>";
		};
		B205370D1F39897200338826 /* Model */ = {
			isa = PBXGroup;
			children = (
				B28180D01FCCE38100806E4C /* CDUntappdBadge.swift */,
				B28180C61FCCD0C700806E4C /* CDUntappdBeer.swift */,
				B28180C41FCCD0BE00806E4C /* CDUntappdBrewery.swift */,
				B28180CE1FCCDE5600806E4C /* CDUntappdCategory.swift */,
				B28180C81FCCD5CB00806E4C /* CDUntappdCheckin.swift */,
				B205370E1F3989E400338826 /* CDUntappdContact.swift */,
				B20143E51FD0D109005FCBC8 /* CDUntappdFriend.swift */,
				B28180D21FCCE49800806E4C /* CDUntappdMedia.swift */,
				B20232BD1FC4DC6800C33B69 /* CDUntappdMetadata.swift */,
				B28180BB1FCCCFF500806E4C /* CDUntappdRecentBrew.swift */,
				B20537111F3989E400338826 /* CDUntappdSettings.swift */,
				B28180CA1FCCD95E00806E4C /* CDUntappdSource.swift */,
				B205370F1F3989E400338826 /* CDUntappdStats.swift */,
				B20537101F3989E400338826 /* CDUntappdUser.swift */,
				B20143E31FD0D0A8005FCBC8 /* CDUntappdUserFriendsResponse.swift */,
				B20232BB1FC4D99D00C33B69 /* CDUntappdUserInfoResponse.swift */,
				B20143BE1FD0C2D4005FCBC8 /* CDUntappdUserWishListResponse.swift */,
				B28180CC1FCCDA1500806E4C /* CDUntappdVenue.swift */,
				B20143C71FD0C3D7005FCBC8 /* CDUntappdWishList.swift */,
				B20143C91FD0C482005FCBC8 /* CDUntappdWishListItem.swift */,
			);
			name = Model;
			sourceTree = "<group>";
		};
		B22019F31FD21A6400A2BE3F /* Helpers */ = {
			isa = PBXGroup;
			children = (
				B22019F41FD21A7800A2BE3F /* CDColor.swift */,
			);
			name = Helpers;
			sourceTree = "<group>";
		};
		B260A96D1FC530F50043FC0B /* Documentation */ = {
			isa = PBXGroup;
			children = (
				B260A97B1FC531A50043FC0B /* CHANGELOG.md */,
				B260A97D1FC531A50043FC0B /* CONTRIBUTING.md */,
				B2409CC9286A50310001AE66 /* PULL_REQUEST_TEMPLATE.md */,
				B260A97C1FC531A50043FC0B /* README.md */,
			);
			name = Documentation;
			sourceTree = "<group>";
		};
		B260A96E1FC530FD0043FC0B /* Deployment */ = {
			isa = PBXGroup;
			children = (
				B2409CC0286A50010001AE66 /* .swiftlint.yml */,
				B2409CC8286A50120001AE66 /* ci.yml */,
				B260A9741FC531140043FC0B /* LICENSE */,
				B260A9751FC531140043FC0B /* Package.swift */,
			);
			name = Deployment;
			sourceTree = "<group>";
		};
		B26791241F350723008635CD = {
			isa = PBXGroup;
			children = (
				B260A96E1FC530FD0043FC0B /* Deployment */,
				B260A96D1FC530F50043FC0B /* Documentation */,
				B26791391F350759008635CD /* Source */,
				B267912F1F350723008635CD /* Products */,
			);
			sourceTree = "<group>";
		};
		B267912F1F350723008635CD /* Products */ = {
			isa = PBXGroup;
			children = (
				B267912E1F350723008635CD /* CDUntappdKit.framework */,
				B220195A1FD2030900A2BE3F /* CDUntappdKit.framework */,
				B22019961FD206F700A2BE3F /* CDUntappdKit.framework */,
				B22019C61FD207F700A2BE3F /* CDUntappdKit.framework */,
				5F093C5E302D124C00AC238A /* CDUntappdKit.framework */,
			);
			name = Products;
			sourceTree = "<group>";
		};
		B26791391F350759008635CD /* Source */ = {
			isa = PBXGroup;
			children = (
				B2409D0D286BA5330001AE66 /* CDUntappdKit.swift */,
				B26791811F3509FA008635CD /* Extensions */,
				B22019F31FD21A6400A2BE3F /* Helpers */,
				B205370D1F39897200338826 /* Model */,
				B29E00A81F3A81AD00302663 /* OAuth */,
				B205370C1F39896700338826 /* Core */,
				B2B707011F3B7E2000FAA6EF /* Resources */,
				B267913E1F35075D008635CD /* Supporting Files */,
			);
			path = Source;
			sourceTree = "<group>";
		};
		B267913E1F35075D008635CD /* Supporting Files */ = {
			isa = PBXGroup;
			children = (
				B267913B1F350759008635CD /* Info.plist */,
			);
			name = "Supporting Files";
			sourceTree = "<group>";
		};
		B26791811F3509FA008635CD /* Extensions */ = {
			isa = PBXGroup;
			children = (
				B20232B21FC4D3DD00C33B69 /* Parameters+CDUntappdKit.swift */,
				B26791821F350A10008635CD /* String+CDUntappdKit.swift */,
				B2B7070B1F3B800C00FAA6EF /* UIApplication+CDUntappdKit.swift */,
				B2C4A0381FCE2F2000B253A2 /* UIColor+CDUntappdKit.swift */,
			);
			name = Extensions;
			sourceTree = "<group>";
		};
		B29E00A81F3A81AD00302663 /* OAuth */ = {
			isa = PBXGroup;
			children = (
				B2D6C3E11F43D5BE0067279A /* CDUntappdOAuthClient.swift */,
				B29E00B41F3A82AF00302663 /* CDUntappdOAuthCredential.swift */,
				B29E00B21F3A81E100302663 /* CDUntappdOAuthRouter.swift */,
				B2B7070D1F3B810400FAA6EF /* CDUntappdOAuthViewController.swift */,
			);
			name = OAuth;
			sourceTree = "<group>";
		};
		B2B707011F3B7E2000FAA6EF /* Resources */ = {
			isa = PBXGroup;
			children = (
				B2B707091F3B7E6700FAA6EF /* CDUntappdOAuth.storyboard */,
			);
			name = Resources;
			sourceTree = "<group>";
		};
/* End PBXGroup section */

/* Begin PBXHeadersBuildPhase section */
		5F093C59302D124C00AC238A /* Headers */ = {
			isa = PBXHeadersBuildPhase;
			buildActionMask = 2147483647;
			files = (
			);
			runOnlyForDeploymentPostprocessing = 0;
		};
		B22019571FD2030900A2BE3F /* Headers */ = {
			isa = PBXHeadersBuildPhase;
			buildActionMask = 2147483647;
			files = (
			);
			runOnlyForDeploymentPostprocessing = 0;
		};
		B22019931FD206F700A2BE3F /* Headers */ = {
			isa = PBXHeadersBuildPhase;
			buildActionMask = 2147483647;
			files = (
			);
			runOnlyForDeploymentPostprocessing = 0;
		};
		B22019C31FD207F700A2BE3F /* Headers */ = {
			isa = PBXHeadersBuildPhase;
			buildActionMask = 2147483647;
			files = (
			);
			runOnlyForDeploymentPostprocessing = 0;
		};
		B267912B1F350723008635CD /* Headers */ = {
			isa = PBXHeadersBuildPhase;
			buildActionMask = 2147483647;
			files = (
			);
			runOnlyForDeploymentPostprocessing = 0;
		};
/* End PBXHeadersBuildPhase section */

/* Begin PBXNativeTarget section */
		5F093C5D302D124C00AC238A /* CDUntappdKit visionOS */ = {
			isa = PBXNativeTarget;
			buildConfigurationList = 5F093C66302D124C00AC238A /* Build configuration list for PBXNativeTarget "CDUntappdKit visionOS" */;
			buildPhases = (
				5F093C5A302D124C00AC238A /* Sources */,
				5F093C5B302D124C00AC238A /* Frameworks */,
				5F093C59302D124C00AC238A /* Headers */,
				5F093C5C302D124C00AC238A /* Resources */,
				5F093C72302D171800AC238A /* SwiftLint */,
				3FC2C6F546454084BC5C8D9B /* Swift Format */,
			);
			buildRules = (
			);
			dependencies = (
			);
			name = "CDUntappdKit visionOS";
			productName = CDUntappdKit;
			productReference = 5F093C5E302D124C00AC238A /* CDUntappdKit.framework */;
			productType = "com.apple.product-type.framework";
		};
		B22019591FD2030900A2BE3F /* CDUntappdKit watchOS */ = {
			isa = PBXNativeTarget;
			buildConfigurationList = B22019681FD2030900A2BE3F /* Build configuration list for PBXNativeTarget "CDUntappdKit watchOS" */;
			buildPhases = (
				B22019551FD2030900A2BE3F /* Sources */,
				B22019561FD2030900A2BE3F /* Frameworks */,
				B22019571FD2030900A2BE3F /* Headers */,
				B22019581FD2030900A2BE3F /* Resources */,
				B2409D0C286BA2370001AE66 /* SwiftLint */,
				AD91A3FE607E488A9A0E913D /* Swift Format */,
			);
			buildRules = (
			);
			dependencies = (
			);
			name = "CDUntappdKit watchOS";
			productName = "CDUntappdKit watchOS";
			productReference = B220195A1FD2030900A2BE3F /* CDUntappdKit.framework */;
			productType = "com.apple.product-type.framework";
		};
		B22019951FD206F700A2BE3F /* CDUntappdKit tvOS */ = {
			isa = PBXNativeTarget;
			buildConfigurationList = B220199B1FD206F700A2BE3F /* Build configuration list for PBXNativeTarget "CDUntappdKit tvOS" */;
			buildPhases = (
				B22019911FD206F700A2BE3F /* Sources */,
				B22019921FD206F700A2BE3F /* Frameworks */,
				B22019931FD206F700A2BE3F /* Headers */,
				B22019941FD206F700A2BE3F /* Resources */,
				B2409D08286BA0430001AE66 /* SwiftLint */,
				799200E6C4F64410A97C9DFB /* Swift Format */,
			);
			buildRules = (
			);
			dependencies = (
			);
			name = "CDUntappdKit tvOS";
			productName = "CDUntappdKit tvOS";
			productReference = B22019961FD206F700A2BE3F /* CDUntappdKit.framework */;
			productType = "com.apple.product-type.framework";
		};
		B22019C51FD207F700A2BE3F /* CDUntappdKit macOS */ = {
			isa = PBXNativeTarget;
			buildConfigurationList = B22019CB1FD207F700A2BE3F /* Build configuration list for PBXNativeTarget "CDUntappdKit macOS" */;
			buildPhases = (
				B22019C11FD207F700A2BE3F /* Sources */,
				B22019C21FD207F700A2BE3F /* Frameworks */,
				B22019C31FD207F700A2BE3F /* Headers */,
				B22019C41FD207F700A2BE3F /* Resources */,
				B2409D01286B9EE10001AE66 /* SwiftLint */,
				C869DAFE95EA4122B97E76CA /* Swift Format */,
			);
			buildRules = (
			);
			dependencies = (
			);
			name = "CDUntappdKit macOS";
			productName = "CDUntappdKit macOS";
			productReference = B22019C61FD207F700A2BE3F /* CDUntappdKit.framework */;
			productType = "com.apple.product-type.framework";
		};
		B267912D1F350723008635CD /* CDUntappdKit iOS */ = {
			isa = PBXNativeTarget;
			buildConfigurationList = B26791361F350723008635CD /* Build configuration list for PBXNativeTarget "CDUntappdKit iOS" */;
			buildPhases = (
				B26791291F350723008635CD /* Sources */,
				B267912A1F350723008635CD /* Frameworks */,
				B267912B1F350723008635CD /* Headers */,
				B267912C1F350723008635CD /* Resources */,
				B2409CFB286B9BA50001AE66 /* SwiftLint */,
				99418C15304841AC8212E17D /* Swift Format */,
			);
			buildRules = (
			);
			dependencies = (
			);
			name = "CDUntappdKit iOS";
			productName = CDUntappdKit;
			productReference = B267912E1F350723008635CD /* CDUntappdKit.framework */;
			productType = "com.apple.product-type.framework";
		};
/* End PBXNativeTarget section */

/* Begin PBXProject section */
		B26791251F350723008635CD /* Project object */ = {
			isa = PBXProject;
			attributes = {
				LastSwiftUpdateCheck = 2660;
				LastUpgradeCheck = 2640;
				ORGANIZATIONNAME = "Christopher de Haan";
				TargetAttributes = {
					5F093C5D302D124C00AC238A = {
						CreatedOnToolsVersion = 26.6;
					};
					B22019591FD2030900A2BE3F = {
						CreatedOnToolsVersion = 9.1;
						ProvisioningStyle = Automatic;
					};
					B22019951FD206F700A2BE3F = {
						CreatedOnToolsVersion = 9.1;
						ProvisioningStyle = Automatic;
					};
					B22019C51FD207F700A2BE3F = {
						CreatedOnToolsVersion = 9.1;
						ProvisioningStyle = Automatic;
					};
					B267912D1F350723008635CD = {
						CreatedOnToolsVersion = 8.3.3;
						LastSwiftMigration = 0830;
						ProvisioningStyle = Automatic;
					};
				};
			};
			buildConfigurationList = B26791281F350723008635CD /* Build configuration list for PBXProject "CDUntappdKit" */;
			compatibilityVersion = "Xcode 3.2";
			developmentRegion = en;
			hasScannedForEncodings = 0;
			knownRegions = (
				en,
				Base,
			);
			mainGroup = B26791241F350723008635CD;
			productRefGroup = B267912F1F350723008635CD /* Products */;
			projectDirPath = "";
			projectRoot = "";
			targets = (
				B267912D1F350723008635CD /* CDUntappdKit iOS */,
				B22019C51FD207F700A2BE3F /* CDUntappdKit macOS */,
				B22019951FD206F700A2BE3F /* CDUntappdKit tvOS */,
				5F093C5D302D124C00AC238A /* CDUntappdKit visionOS */,
				B22019591FD2030900A2BE3F /* CDUntappdKit watchOS */,
			);
		};
/* End PBXProject section */

/* Begin PBXResourcesBuildPhase section */
		5F093C5C302D124C00AC238A /* Resources */ = {
			isa = PBXResourcesBuildPhase;
			buildActionMask = 2147483647;
			files = (
				7E317CB3952B43828464A875 /* CDUntappdOAuth.storyboard in Resources */,
			);
			runOnlyForDeploymentPostprocessing = 0;
		};
		B22019581FD2030900A2BE3F /* Resources */ = {
			isa = PBXResourcesBuildPhase;
			buildActionMask = 2147483647;
			files = (
			);
			runOnlyForDeploymentPostprocessing = 0;
		};
		B22019941FD206F700A2BE3F /* Resources */ = {
			isa = PBXResourcesBuildPhase;
			buildActionMask = 2147483647;
			files = (
			);
			runOnlyForDeploymentPostprocessing = 0;
		};
		B22019C41FD207F700A2BE3F /* Resources */ = {
			isa = PBXResourcesBuildPhase;
			buildActionMask = 2147483647;
			files = (
			);
			runOnlyForDeploymentPostprocessing = 0;
		};
		B267912C1F350723008635CD /* Resources */ = {
			isa = PBXResourcesBuildPhase;
			buildActionMask = 2147483647;
			files = (
				B2B7070A1F3B7E6700FAA6EF /* CDUntappdOAuth.storyboard in Resources */,
			);
			runOnlyForDeploymentPostprocessing = 0;
		};
/* End PBXResourcesBuildPhase section */

/* Begin PBXShellScriptBuildPhase section */
		3FC2C6F546454084BC5C8D9B /* Swift Format */ = {
			isa = PBXShellScriptBuildPhase;
			alwaysOutOfDate = 1;
			buildActionMask = 2147483647;
			files = (
			);
			inputFileListPaths = (
			);
			inputPaths = (
			);
			name = "Swift Format";
			outputFileListPaths = (
			);
			outputPaths = (
			);
			runOnlyForDeploymentPostprocessing = 0;
			shellPath = /bin/sh;
			shellScript = "export PATH=\"$PATH:/opt/homebrew/bin\"\nif which swiftformat >/dev/null; then\n    cd \"$SRCROOT\" && swiftformat Source Tests --lint\nelse\n    echo \"warning: SwiftFormat not installed, download from https://github.com/nicklockwood/SwiftFormat\"\nfi\n";
		};
		5F093C72302D171800AC238A /* SwiftLint */ = {
			isa = PBXShellScriptBuildPhase;
			buildActionMask = 2147483647;
			files = (
			);
			inputFileListPaths = (
			);
			inputPaths = (
			);
			name = SwiftLint;
			outputFileListPaths = (
			);
			outputPaths = (
			);
			runOnlyForDeploymentPostprocessing = 0;
			shellPath = /bin/sh;
			shellScript = "export PATH=\"$PATH:/opt/homebrew/bin\"\nif which swiftlint > /dev/null; then\ncd \"$SRCROOT\"\nswiftlint\nelse\necho \"warning: SwiftLint not installed, download from https://github.com/realm/SwiftLint\"\nfi\n";
		};
		799200E6C4F64410A97C9DFB /* Swift Format */ = {
			isa = PBXShellScriptBuildPhase;
			alwaysOutOfDate = 1;
			buildActionMask = 2147483647;
			files = (
			);
			inputFileListPaths = (
			);
			inputPaths = (
			);
			name = "Swift Format";
			outputFileListPaths = (
			);
			outputPaths = (
			);
			runOnlyForDeploymentPostprocessing = 0;
			shellPath = /bin/sh;
			shellScript = "export PATH=\"$PATH:/opt/homebrew/bin\"\nif which swiftformat >/dev/null; then\n    cd \"$SRCROOT\" && swiftformat Source Tests --lint\nelse\n    echo \"warning: SwiftFormat not installed, download from https://github.com/nicklockwood/SwiftFormat\"\nfi\n";
		};
		99418C15304841AC8212E17D /* Swift Format */ = {
			isa = PBXShellScriptBuildPhase;
			alwaysOutOfDate = 1;
			buildActionMask = 2147483647;
			files = (
			);
			inputFileListPaths = (
			);
			inputPaths = (
			);
			name = "Swift Format";
			outputFileListPaths = (
			);
			outputPaths = (
			);
			runOnlyForDeploymentPostprocessing = 0;
			shellPath = /bin/sh;
			shellScript = "export PATH=\"$PATH:/opt/homebrew/bin\"\nif which swiftformat >/dev/null; then\n    cd \"$SRCROOT\" && swiftformat Source Tests --lint\nelse\n    echo \"warning: SwiftFormat not installed, download from https://github.com/nicklockwood/SwiftFormat\"\nfi\n";
		};
		AD91A3FE607E488A9A0E913D /* Swift Format */ = {
			isa = PBXShellScriptBuildPhase;
			alwaysOutOfDate = 1;
			buildActionMask = 2147483647;
			files = (
			);
			inputFileListPaths = (
			);
			inputPaths = (
			);
			name = "Swift Format";
			outputFileListPaths = (
			);
			outputPaths = (
			);
			runOnlyForDeploymentPostprocessing = 0;
			shellPath = /bin/sh;
			shellScript = "export PATH=\"$PATH:/opt/homebrew/bin\"\nif which swiftformat >/dev/null; then\n    cd \"$SRCROOT\" && swiftformat Source Tests --lint\nelse\n    echo \"warning: SwiftFormat not installed, download from https://github.com/nicklockwood/SwiftFormat\"\nfi\n";
		};
		B2409CFB286B9BA50001AE66 /* SwiftLint */ = {
			isa = PBXShellScriptBuildPhase;
			buildActionMask = 2147483647;
			files = (
			);
			inputFileListPaths = (
			);
			inputPaths = (
			);
			name = SwiftLint;
			outputFileListPaths = (
			);
			outputPaths = (
			);
			runOnlyForDeploymentPostprocessing = 0;
			shellPath = /bin/sh;
			shellScript = "export PATH=\"$PATH:/opt/homebrew/bin\"\nif which swiftlint > /dev/null; then\ncd \"$SRCROOT\"\nswiftlint\nelse\necho \"warning: SwiftLint not installed, download from https://github.com/realm/SwiftLint\"\nfi\n";
		};
		B2409D01286B9EE10001AE66 /* SwiftLint */ = {
			isa = PBXShellScriptBuildPhase;
			buildActionMask = 2147483647;
			files = (
			);
			inputFileListPaths = (
			);
			inputPaths = (
			);
			name = SwiftLint;
			outputFileListPaths = (
			);
			outputPaths = (
			);
			runOnlyForDeploymentPostprocessing = 0;
			shellPath = /bin/sh;
			shellScript = "export PATH=\"$PATH:/opt/homebrew/bin\"\nif which swiftlint > /dev/null; then\ncd \"$SRCROOT\"\nswiftlint\nelse\necho \"warning: SwiftLint not installed, download from https://github.com/realm/SwiftLint\"\nfi\n";
		};
		B2409D08286BA0430001AE66 /* SwiftLint */ = {
			isa = PBXShellScriptBuildPhase;
			buildActionMask = 2147483647;
			files = (
			);
			inputFileListPaths = (
			);
			inputPaths = (
			);
			name = SwiftLint;
			outputFileListPaths = (
			);
			outputPaths = (
			);
			runOnlyForDeploymentPostprocessing = 0;
			shellPath = /bin/sh;
			shellScript = "export PATH=\"$PATH:/opt/homebrew/bin\"\nif which swiftlint > /dev/null; then\ncd \"$SRCROOT\"\nswiftlint\nelse\necho \"warning: SwiftLint not installed, download from https://github.com/realm/SwiftLint\"\nfi\n";
		};
		B2409D0C286BA2370001AE66 /* SwiftLint */ = {
			isa = PBXShellScriptBuildPhase;
			buildActionMask = 2147483647;
			files = (
			);
			inputFileListPaths = (
			);
			inputPaths = (
			);
			name = SwiftLint;
			outputFileListPaths = (
			);
			outputPaths = (
			);
			runOnlyForDeploymentPostprocessing = 0;
			shellPath = /bin/sh;
			shellScript = "export PATH=\"$PATH:/opt/homebrew/bin\"\nif which swiftlint > /dev/null; then\ncd \"$SRCROOT\"\nswiftlint\nelse\necho \"warning: SwiftLint not installed, download from https://github.com/realm/SwiftLint\"\nfi\n";
		};
		C869DAFE95EA4122B97E76CA /* Swift Format */ = {
			isa = PBXShellScriptBuildPhase;
			alwaysOutOfDate = 1;
			buildActionMask = 2147483647;
			files = (
			);
			inputFileListPaths = (
			);
			inputPaths = (
			);
			name = "Swift Format";
			outputFileListPaths = (
			);
			outputPaths = (
			);
			runOnlyForDeploymentPostprocessing = 0;
			shellPath = /bin/sh;
			shellScript = "export PATH=\"$PATH:/opt/homebrew/bin\"\nif which swiftformat >/dev/null; then\n    cd \"$SRCROOT\" && swiftformat Source Tests --lint\nelse\n    echo \"warning: SwiftFormat not installed, download from https://github.com/nicklockwood/SwiftFormat\"\nfi\n";
		};
/* End PBXShellScriptBuildPhase section */

/* Begin PBXSourcesBuildPhase section */
		5F093C5A302D124C00AC238A /* Sources */ = {
			isa = PBXSourcesBuildPhase;
			buildActionMask = 2147483647;
			files = (
				10E6D03AC9E248FBA6A2A78E /* CDUntappdKitError.swift in Sources */,
				513BDCD1FE364CF0BB6CBF09 /* CDUntappdAPIClient.swift in Sources */,
				214EC1E8362D417DB49D4862 /* CDUntappdBadge.swift in Sources */,
				8A01D57EB1344D53B8939A87 /* CDUntappdKit.swift in Sources */,
				B7FB237B8EB24EB78E14FD5E /* CDUntappdUserWishListResponse.swift in Sources */,
				B59A30D9334B402FB2C9D934 /* CDUntappdConstants.swift in Sources */,
				CAA783654F674767AB6AD9C1 /* CDUntappdVenue.swift in Sources */,
				585231DB9D53420EBDD722AD /* CDUntappdContact.swift in Sources */,
				0BEE538DB9D44050A9D14278 /* CDColor.swift in Sources */,
				43ED87EDD98248D7B3A984D7 /* CDUntappdBeer.swift in Sources */,
				5593689E695242F6BA873EB3 /* CDUntappdEnums.swift in Sources */,
				581AA650291945D7A8558F59 /* CDUntappdMetadata.swift in Sources */,
				285D2A0A50CE41999425ED1A /* CDUntappdOAuthClient.swift in Sources */,
				A0CD199778964C67ABF43A81 /* CDUntappdOAuthCredential.swift in Sources */,
				AF91F57238D44E9DA396FC2B /* CDUntappdFriend.swift in Sources */,
				874554AB2C4A40ECBDFCBB31 /* CDUntappdOAuthRouter.swift in Sources */,
				27B5128AE8384FDEBEA0AD5F /* CDUntappdOAuthViewController.swift in Sources */,
				33C91DA110E648BD92BDA64D /* CDUntappdCategory.swift in Sources */,
				E456D4500A0A495894543533 /* CDUntappdRouter.swift in Sources */,
				7AA431ED994349A9B05EE76B /* CDUntappdMedia.swift in Sources */,
				31273D2090A84ABD915BEEA7 /* CDUntappdCheckin.swift in Sources */,
				91237AD48515403F908B604F /* CDUntappdWishListItem.swift in Sources */,
				B8C2AC1AE4404079ACF52095 /* CDUntappdSource.swift in Sources */,
				F1813F7F06074341868B7A4D /* CDUntappdSettings.swift in Sources */,
				93130342E0BE4484B9450D23 /* UIColor+CDUntappdKit.swift in Sources */,
				B2E12D0A2DA941F19801CE2D /* CDUntappdStats.swift in Sources */,
				53532188F0E342E79B2F07AB /* CDUntappdUser.swift in Sources */,
				3AAFBF700CA841458812117D /* CDUntappdUserInfoResponse.swift in Sources */,
				7B2551887E3644F49294B441 /* CDUntappdRecentBrew.swift in Sources */,
				EEC5722218404D0F860D20EE /* String+CDUntappdKit.swift in Sources */,
				2D5E2DE2C13B4886B0DC8E78 /* CDUntappdBrewery.swift in Sources */,
				881A854D88EA4E6382B17BEF /* CDUntappdUserFriendsResponse.swift in Sources */,
				A36A58B29E664B2CB71EBD6D /* UIApplication+CDUntappdKit.swift in Sources */,
				BF4BFB5699BF43D4943F1E11 /* CDUntappdWishList.swift in Sources */,
				39B18756EE29458DA8A85707 /* Parameters+CDUntappdKit.swift in Sources */,
				BF04CD211EA56ACEDDBE0DEE /* CDUntappdParameterEncoding.swift in Sources */,
				6662F0C66B5009FC7975A94D /* CDUntappdURLSession.swift in Sources */,
				4C083B3BDA248192C7420D57 /* CDUntappdKeychain.swift in Sources */,
			);
			runOnlyForDeploymentPostprocessing = 0;
		};
		B22019551FD2030900A2BE3F /* Sources */ = {
			isa = PBXSourcesBuildPhase;
			buildActionMask = 2147483647;
			files = (
				817AEF7F09B545868697FAB2 /* CDUntappdOAuthViewController.swift in Sources */,
				ED532774644A4D6ABF868416 /* UIApplication+CDUntappdKit.swift in Sources */,
				B79A93F141A24A93BB38650A /* CDUntappdKitError.swift in Sources */,
				B22019701FD203EF00A2BE3F /* Parameters+CDUntappdKit.swift in Sources */,
				B22019711FD203EF00A2BE3F /* String+CDUntappdKit.swift in Sources */,
				B22019731FD203EF00A2BE3F /* UIColor+CDUntappdKit.swift in Sources */,
				B22019741FD203EF00A2BE3F /* CDUntappdBadge.swift in Sources */,
				B22019751FD203EF00A2BE3F /* CDUntappdBeer.swift in Sources */,
				B22019761FD203EF00A2BE3F /* CDUntappdBrewery.swift in Sources */,
				B22019771FD203EF00A2BE3F /* CDUntappdCategory.swift in Sources */,
				B22019781FD203EF00A2BE3F /* CDUntappdCheckin.swift in Sources */,
				B22019791FD203EF00A2BE3F /* CDUntappdContact.swift in Sources */,
				B220197A1FD203EF00A2BE3F /* CDUntappdFriend.swift in Sources */,
				B220197B1FD203EF00A2BE3F /* CDUntappdMedia.swift in Sources */,
				B220197C1FD203EF00A2BE3F /* CDUntappdMetadata.swift in Sources */,
				B220197D1FD203EF00A2BE3F /* CDUntappdRecentBrew.swift in Sources */,
				B220197E1FD203EF00A2BE3F /* CDUntappdSettings.swift in Sources */,
				B220197F1FD203EF00A2BE3F /* CDUntappdSource.swift in Sources */,
				B22019801FD203EF00A2BE3F /* CDUntappdStats.swift in Sources */,
				B22019811FD203EF00A2BE3F /* CDUntappdUser.swift in Sources */,
				B22019821FD203EF00A2BE3F /* CDUntappdUserFriendsResponse.swift in Sources */,
				B22019831FD203EF00A2BE3F /* CDUntappdUserInfoResponse.swift in Sources */,
				B22019841FD203EF00A2BE3F /* CDUntappdUserWishListResponse.swift in Sources */,
				B22019851FD203EF00A2BE3F /* CDUntappdVenue.swift in Sources */,
				B22019861FD203EF00A2BE3F /* CDUntappdWishList.swift in Sources */,
				B22019871FD203EF00A2BE3F /* CDUntappdWishListItem.swift in Sources */,
				B22019881FD203EF00A2BE3F /* CDUntappdOAuthClient.swift in Sources */,
				B2409D11286BA5330001AE66 /* CDUntappdKit.swift in Sources */,
				B22019891FD203EF00A2BE3F /* CDUntappdOAuthCredential.swift in Sources */,
				B220198A1FD203EF00A2BE3F /* CDUntappdOAuthRouter.swift in Sources */,
				B220198C1FD203EF00A2BE3F /* CDUntappdAPIClient.swift in Sources */,
				B220198D1FD203EF00A2BE3F /* CDUntappdConstants.swift in Sources */,
				B22019F81FD21A7800A2BE3F /* CDColor.swift in Sources */,
				B220198E1FD203EF00A2BE3F /* CDUntappdEnums.swift in Sources */,
				B220198F1FD203EF00A2BE3F /* CDUntappdRouter.swift in Sources */,
				56A4CD117ED12BC1AB6E83F7 /* CDUntappdParameterEncoding.swift in Sources */,
				A36CCB5D31A6F044B181FFED /* CDUntappdURLSession.swift in Sources */,
				62B136F688E6C07D68DF471E /* CDUntappdKeychain.swift in Sources */,
			);
			runOnlyForDeploymentPostprocessing = 0;
		};
		B22019911FD206F700A2BE3F /* Sources */ = {
			isa = PBXSourcesBuildPhase;
			buildActionMask = 2147483647;
			files = (
				0912344186C84E778EE9B032 /* CDUntappdOAuthViewController.swift in Sources */,
				AE5B303502844CE1908DD5F1 /* UIApplication+CDUntappdKit.swift in Sources */,
				E360E006E8CC4E159A12E3DE /* CDUntappdKitError.swift in Sources */,
				B22019A31FD207AE00A2BE3F /* Parameters+CDUntappdKit.swift in Sources */,
				B22019A41FD207AE00A2BE3F /* String+CDUntappdKit.swift in Sources */,
				B22019A51FD207AE00A2BE3F /* UIColor+CDUntappdKit.swift in Sources */,
				B22019A61FD207AE00A2BE3F /* CDUntappdBadge.swift in Sources */,
				B22019A71FD207AE00A2BE3F /* CDUntappdBeer.swift in Sources */,
				B22019A81FD207AE00A2BE3F /* CDUntappdBrewery.swift in Sources */,
				B22019A91FD207AE00A2BE3F /* CDUntappdCategory.swift in Sources */,
				B22019AA1FD207AE00A2BE3F /* CDUntappdCheckin.swift in Sources */,
				B22019AB1FD207AE00A2BE3F /* CDUntappdContact.swift in Sources */,
				B22019AC1FD207AE00A2BE3F /* CDUntappdFriend.swift in Sources */,
				B22019AD1FD207AE00A2BE3F /* CDUntappdMedia.swift in Sources */,
				B22019AE1FD207AE00A2BE3F /* CDUntappdMetadata.swift in Sources */,
				B22019AF1FD207AE00A2BE3F /* CDUntappdRecentBrew.swift in Sources */,
				B22019B01FD207AE00A2BE3F /* CDUntappdSettings.swift in Sources */,
				B22019B11FD207AE00A2BE3F /* CDUntappdSource.swift in Sources */,
				B22019B21FD207AE00A2BE3F /* CDUntappdStats.swift in Sources */,
				B22019B31FD207AE00A2BE3F /* CDUntappdUser.swift in Sources */,
				B22019B41FD207AE00A2BE3F /* CDUntappdUserFriendsResponse.swift in Sources */,
				B22019B51FD207AE00A2BE3F /* CDUntappdUserInfoResponse.swift in Sources */,
				B22019B61FD207AE00A2BE3F /* CDUntappdUserWishListResponse.swift in Sources */,
				B22019B71FD207AE00A2BE3F /* CDUntappdVenue.swift in Sources */,
				B22019B81FD207AE00A2BE3F /* CDUntappdWishList.swift in Sources */,
				B22019B91FD207AE00A2BE3F /* CDUntappdWishListItem.swift in Sources */,
				B22019BA1FD207AE00A2BE3F /* CDUntappdOAuthClient.swift in Sources */,
				B2409D10286BA5330001AE66 /* CDUntappdKit.swift in Sources */,
				B22019BB1FD207AE00A2BE3F /* CDUntappdOAuthCredential.swift in Sources */,
				B22019BC1FD207AE00A2BE3F /* CDUntappdOAuthRouter.swift in Sources */,
				B22019BD1FD207AE00A2BE3F /* CDUntappdAPIClient.swift in Sources */,
				B22019BE1FD207AE00A2BE3F /* CDUntappdConstants.swift in Sources */,
				B22019F71FD21A7800A2BE3F /* CDColor.swift in Sources */,
				B22019BF1FD207AE00A2BE3F /* CDUntappdEnums.swift in Sources */,
				B22019C01FD207AE00A2BE3F /* CDUntappdRouter.swift in Sources */,
				A1797E8DF0BBBEAE5C079D7F /* CDUntappdParameterEncoding.swift in Sources */,
				590ED18F5FCE0BC43DADFC73 /* CDUntappdURLSession.swift in Sources */,
				EA63B1E7D22E4122FEEEFB54 /* CDUntappdKeychain.swift in Sources */,
			);
			runOnlyForDeploymentPostprocessing = 0;
		};
		B22019C11FD207F700A2BE3F /* Sources */ = {
			isa = PBXSourcesBuildPhase;
			buildActionMask = 2147483647;
			files = (
				D2CD00693FC5416D966D1C18 /* CDUntappdOAuthViewController.swift in Sources */,
				B6B92BDB55024543847DDC64 /* UIApplication+CDUntappdKit.swift in Sources */,
				2B9572ACA4D84700B9162C30 /* CDUntappdKitError.swift in Sources */,
				B22019D51FD2129200A2BE3F /* Parameters+CDUntappdKit.swift in Sources */,
				B22019D61FD2129200A2BE3F /* String+CDUntappdKit.swift in Sources */,
				B22019D71FD2129200A2BE3F /* UIColor+CDUntappdKit.swift in Sources */,
				B22019D81FD2129200A2BE3F /* CDUntappdBadge.swift in Sources */,
				B22019D91FD2129200A2BE3F /* CDUntappdBeer.swift in Sources */,
				B22019DA1FD2129200A2BE3F /* CDUntappdBrewery.swift in Sources */,
				B22019DB1FD2129200A2BE3F /* CDUntappdCategory.swift in Sources */,
				B22019DC1FD2129200A2BE3F /* CDUntappdCheckin.swift in Sources */,
				B22019DD1FD2129200A2BE3F /* CDUntappdContact.swift in Sources */,
				B22019DE1FD2129200A2BE3F /* CDUntappdFriend.swift in Sources */,
				B22019DF1FD2129200A2BE3F /* CDUntappdMedia.swift in Sources */,
				B22019E01FD2129200A2BE3F /* CDUntappdMetadata.swift in Sources */,
				B22019E11FD2129200A2BE3F /* CDUntappdRecentBrew.swift in Sources */,
				B22019E21FD2129200A2BE3F /* CDUntappdSettings.swift in Sources */,
				B22019E31FD2129200A2BE3F /* CDUntappdSource.swift in Sources */,
				B22019E41FD2129200A2BE3F /* CDUntappdStats.swift in Sources */,
				B22019E51FD2129200A2BE3F /* CDUntappdUser.swift in Sources */,
				B22019E61FD2129200A2BE3F /* CDUntappdUserFriendsResponse.swift in Sources */,
				B22019E71FD2129200A2BE3F /* CDUntappdUserInfoResponse.swift in Sources */,
				B22019E81FD2129200A2BE3F /* CDUntappdUserWishListResponse.swift in Sources */,
				B22019E91FD2129200A2BE3F /* CDUntappdVenue.swift in Sources */,
				B22019EA1FD2129200A2BE3F /* CDUntappdWishList.swift in Sources */,
				B22019EB1FD2129200A2BE3F /* CDUntappdWishListItem.swift in Sources */,
				B22019EC1FD2129200A2BE3F /* CDUntappdOAuthClient.swift in Sources */,
				B2409D0F286BA5330001AE66 /* CDUntappdKit.swift in Sources */,
				B22019ED1FD2129200A2BE3F /* CDUntappdOAuthCredential.swift in Sources */,
				B22019EE1FD2129200A2BE3F /* CDUntappdOAuthRouter.swift in Sources */,
				B22019EF1FD2129200A2BE3F /* CDUntappdAPIClient.swift in Sources */,
				B22019F01FD2129200A2BE3F /* CDUntappdConstants.swift in Sources */,
				B22019F61FD21A7800A2BE3F /* CDColor.swift in Sources */,
				B22019F11FD2129200A2BE3F /* CDUntappdEnums.swift in Sources */,
				B22019F21FD2129200A2BE3F /* CDUntappdRouter.swift in Sources */,
				73D7DC72F5F2BFD4AB076ADC /* CDUntappdParameterEncoding.swift in Sources */,
				8DB878BED072DCC92F549E18 /* CDUntappdURLSession.swift in Sources */,
				3E747222214E31755388799D /* CDUntappdKeychain.swift in Sources */,
			);
			runOnlyForDeploymentPostprocessing = 0;
		};
		B26791291F350723008635CD /* Sources */ = {
			isa = PBXSourcesBuildPhase;
			buildActionMask = 2147483647;
			files = (
				3A8CF389E4204A9991956404 /* CDUntappdKitError.swift in Sources */,
				B205371C1F398A0000338826 /* CDUntappdAPIClient.swift in Sources */,
				B28180D11FCCE38100806E4C /* CDUntappdBadge.swift in Sources */,
				B2409D0E286BA5330001AE66 /* CDUntappdKit.swift in Sources */,
				B20143BF1FD0C2D4005FCBC8 /* CDUntappdUserWishListResponse.swift in Sources */,
				B205371B1F398A0000338826 /* CDUntappdConstants.swift in Sources */,
				B28180CD1FCCDA1500806E4C /* CDUntappdVenue.swift in Sources */,
				B20537121F3989E400338826 /* CDUntappdContact.swift in Sources */,
				B22019F51FD21A7800A2BE3F /* CDColor.swift in Sources */,
				B28180C71FCCD0C700806E4C /* CDUntappdBeer.swift in Sources */,
				B205371D1F398A0000338826 /* CDUntappdEnums.swift in Sources */,
				B20232BE1FC4DC6800C33B69 /* CDUntappdMetadata.swift in Sources */,
				B2D6C3E21F43D5BE0067279A /* CDUntappdOAuthClient.swift in Sources */,
				B29E00B51F3A82AF00302663 /* CDUntappdOAuthCredential.swift in Sources */,
				B20143E61FD0D109005FCBC8 /* CDUntappdFriend.swift in Sources */,
				B29E00B31F3A81E100302663 /* CDUntappdOAuthRouter.swift in Sources */,
				B2B7070E1F3B810400FAA6EF /* CDUntappdOAuthViewController.swift in Sources */,
				B28180CF1FCCDE5600806E4C /* CDUntappdCategory.swift in Sources */,
				B205371A1F398A0000338826 /* CDUntappdRouter.swift in Sources */,
				B28180D31FCCE49800806E4C /* CDUntappdMedia.swift in Sources */,
				B28180C91FCCD5CB00806E4C /* CDUntappdCheckin.swift in Sources */,
				B20143CA1FD0C482005FCBC8 /* CDUntappdWishListItem.swift in Sources */,
				B28180CB1FCCD95E00806E4C /* CDUntappdSource.swift in Sources */,
				B20537151F3989E400338826 /* CDUntappdSettings.swift in Sources */,
				B2C4A0391FCE2F2000B253A2 /* UIColor+CDUntappdKit.swift in Sources */,
				B20537131F3989E400338826 /* CDUntappdStats.swift in Sources */,
				B20537141F3989E400338826 /* CDUntappdUser.swift in Sources */,
				B20232BC1FC4D99D00C33B69 /* CDUntappdUserInfoResponse.swift in Sources */,
				B28180BC1FCCCFF500806E4C /* CDUntappdRecentBrew.swift in Sources */,
				B26791831F350A10008635CD /* String+CDUntappdKit.swift in Sources */,
				B28180C51FCCD0BE00806E4C /* CDUntappdBrewery.swift in Sources */,
				B20143E41FD0D0A8005FCBC8 /* CDUntappdUserFriendsResponse.swift in Sources */,
				B2B7070C1F3B800C00FAA6EF /* UIApplication+CDUntappdKit.swift in Sources */,
				B20143C81FD0C3D7005FCBC8 /* CDUntappdWishList.swift in Sources */,
				B20232B31FC4D3DD00C33B69 /* Parameters+CDUntappdKit.swift in Sources */,
				DEE602C7B3BA1BE7C7B882A5 /* CDUntappdParameterEncoding.swift in Sources */,
				CF9411FFB099ED3EF8366A02 /* CDUntappdURLSession.swift in Sources */,
				2CD7AA766B9F63BDD71BEAAC /* CDUntappdKeychain.swift in Sources */,
			);
			runOnlyForDeploymentPostprocessing = 0;
		};
/* End PBXSourcesBuildPhase section */

/* Begin XCBuildConfiguration section */
		5F093C64302D124C00AC238A /* Debug */ = {
			isa = XCBuildConfiguration;
			buildSettings = {
				ASSETCATALOG_COMPILER_GENERATE_SWIFT_ASSET_SYMBOL_EXTENSIONS = YES;
				CLANG_ANALYZER_NONNULL = YES;
				CLANG_ANALYZER_NUMBER_OBJECT_CONVERSION = YES_AGGRESSIVE;
				CLANG_CXX_LANGUAGE_STANDARD = "gnu++20";
				CLANG_ENABLE_MODULES = YES;
				CLANG_ENABLE_OBJC_WEAK = YES;
				CLANG_WARN_DOCUMENTATION_COMMENTS = YES;
				CLANG_WARN_UNGUARDED_AVAILABILITY = YES_AGGRESSIVE;
				CODE_SIGN_STYLE = Automatic;
				CURRENT_PROJECT_VERSION = 1;
				DYLIB_COMPATIBILITY_VERSION = 1;
				DYLIB_CURRENT_VERSION = 1;
				DYLIB_INSTALL_NAME_BASE = "@rpath";
				ENABLE_MODULE_VERIFIER = YES;
				ENABLE_USER_SCRIPT_SANDBOXING = NO;
				GCC_C_LANGUAGE_STANDARD = gnu17;
				INSTALL_PATH = "$(LOCAL_LIBRARY_DIR)/Frameworks";
				LD_RUNPATH_SEARCH_PATHS = (
					"$(inherited)",
					"@executable_path/Frameworks",
					"@loader_path/Frameworks",
				);
				LOCALIZATION_PREFERS_STRING_CATALOGS = YES;
				MODULE_VERIFIER_SUPPORTED_LANGUAGES = "objective-c objective-c++";
				MODULE_VERIFIER_SUPPORTED_LANGUAGE_STANDARDS = "gnu17 gnu++20";
				MTL_ENABLE_DEBUG_INFO = INCLUDE_SOURCE;
				MTL_FAST_MATH = YES;
				SDKROOT = xros;
				SKIP_INSTALL = YES;
				STRING_CATALOG_GENERATE_SYMBOLS = YES;
				SUPPORTED_PLATFORMS = "xros xrsimulator";
				SWIFT_ACTIVE_COMPILATION_CONDITIONS = "DEBUG $(inherited)";
				SWIFT_APPROACHABLE_CONCURRENCY = YES;
				SWIFT_EMIT_LOC_STRINGS = YES;
				SWIFT_INSTALL_MODULE = YES;
				SWIFT_INSTALL_OBJC_HEADER = NO;
				SWIFT_UPCOMING_FEATURE_MEMBER_IMPORT_VISIBILITY = YES;
				SWIFT_VERSION = 6.0;
				TARGETED_DEVICE_FAMILY = 7;
				XROS_DEPLOYMENT_TARGET = 1.0;
			};
			name = Debug;
		};
		5F093C65302D124C00AC238A /* Release */ = {
			isa = XCBuildConfiguration;
			buildSettings = {
				ASSETCATALOG_COMPILER_GENERATE_SWIFT_ASSET_SYMBOL_EXTENSIONS = YES;
				CLANG_ANALYZER_NONNULL = YES;
				CLANG_ANALYZER_NUMBER_OBJECT_CONVERSION = YES_AGGRESSIVE;
				CLANG_CXX_LANGUAGE_STANDARD = "gnu++20";
				CLANG_ENABLE_MODULES = YES;
				CLANG_ENABLE_OBJC_WEAK = YES;
				CLANG_WARN_DOCUMENTATION_COMMENTS = YES;
				CLANG_WARN_UNGUARDED_AVAILABILITY = YES_AGGRESSIVE;
				CODE_SIGN_STYLE = Automatic;
				COPY_PHASE_STRIP = NO;
				CURRENT_PROJECT_VERSION = 1;
				DYLIB_COMPATIBILITY_VERSION = 1;
				DYLIB_CURRENT_VERSION = 1;
				DYLIB_INSTALL_NAME_BASE = "@rpath";
				ENABLE_MODULE_VERIFIER = YES;
				ENABLE_USER_SCRIPT_SANDBOXING = NO;
				GCC_C_LANGUAGE_STANDARD = gnu17;
				INSTALL_PATH = "$(LOCAL_LIBRARY_DIR)/Frameworks";
				LD_RUNPATH_SEARCH_PATHS = (
					"$(inherited)",
					"@executable_path/Frameworks",
					"@loader_path/Frameworks",
				);
				LOCALIZATION_PREFERS_STRING_CATALOGS = YES;
				MODULE_VERIFIER_SUPPORTED_LANGUAGES = "objective-c objective-c++";
				MODULE_VERIFIER_SUPPORTED_LANGUAGE_STANDARDS = "gnu17 gnu++20";
				MTL_ENABLE_DEBUG_INFO = NO;
				MTL_FAST_MATH = YES;
				SDKROOT = xros;
				SKIP_INSTALL = YES;
				STRING_CATALOG_GENERATE_SYMBOLS = YES;
				SUPPORTED_PLATFORMS = "xros xrsimulator";
				SWIFT_APPROACHABLE_CONCURRENCY = YES;
				SWIFT_EMIT_LOC_STRINGS = YES;
				SWIFT_INSTALL_MODULE = YES;
				SWIFT_INSTALL_OBJC_HEADER = NO;
				SWIFT_UPCOMING_FEATURE_MEMBER_IMPORT_VISIBILITY = YES;
				SWIFT_VERSION = 6.0;
				TARGETED_DEVICE_FAMILY = 7;
				XROS_DEPLOYMENT_TARGET = 1.0;
			};
			name = Release;
		};
		B220195F1FD2030900A2BE3F /* Debug */ = {
			isa = XCBuildConfiguration;
			buildSettings = {
				DYLIB_COMPATIBILITY_VERSION = 1;
				DYLIB_CURRENT_VERSION = 1;
				DYLIB_INSTALL_NAME_BASE = "@rpath";
				ENABLE_USER_SCRIPT_SANDBOXING = NO;
				INSTALL_PATH = "$(LOCAL_LIBRARY_DIR)/Frameworks";
				LD_RUNPATH_SEARCH_PATHS = (
					"$(inherited)",
					"@executable_path/Frameworks",
					"@loader_path/Frameworks",
				);
				PRODUCT_BUNDLE_IDENTIFIER = com.christopherdehaan.CDUntappdKit;
				SDKROOT = watchos;
				SKIP_INSTALL = YES;
			};
			name = Debug;
		};
		B22019601FD2030900A2BE3F /* Release */ = {
			isa = XCBuildConfiguration;
			buildSettings = {
				DYLIB_COMPATIBILITY_VERSION = 1;
				DYLIB_CURRENT_VERSION = 1;
				DYLIB_INSTALL_NAME_BASE = "@rpath";
				INSTALL_PATH = "$(LOCAL_LIBRARY_DIR)/Frameworks";
				LD_RUNPATH_SEARCH_PATHS = (
					"$(inherited)",
					"@executable_path/Frameworks",
					"@loader_path/Frameworks",
				);
				PRODUCT_BUNDLE_IDENTIFIER = com.christopherdehaan.CDUntappdKit;
				SDKROOT = watchos;
				SKIP_INSTALL = YES;
			};
			name = Release;
		};
		B220199C1FD206F700A2BE3F /* Debug */ = {
			isa = XCBuildConfiguration;
			buildSettings = {
				DYLIB_COMPATIBILITY_VERSION = 1;
				DYLIB_CURRENT_VERSION = 1;
				DYLIB_INSTALL_NAME_BASE = "@rpath";
				INSTALL_PATH = "$(LOCAL_LIBRARY_DIR)/Frameworks";
				LD_RUNPATH_SEARCH_PATHS = (
					"$(inherited)",
					"@executable_path/Frameworks",
					"@loader_path/Frameworks",
				);
				SDKROOT = appletvos;
				SKIP_INSTALL = YES;
			};
			name = Debug;
		};
		B220199D1FD206F700A2BE3F /* Release */ = {
			isa = XCBuildConfiguration;
			buildSettings = {
				DYLIB_COMPATIBILITY_VERSION = 1;
				DYLIB_CURRENT_VERSION = 1;
				DYLIB_INSTALL_NAME_BASE = "@rpath";
				INSTALL_PATH = "$(LOCAL_LIBRARY_DIR)/Frameworks";
				LD_RUNPATH_SEARCH_PATHS = (
					"$(inherited)",
					"@executable_path/Frameworks",
					"@loader_path/Frameworks",
				);
				SDKROOT = appletvos;
				SKIP_INSTALL = YES;
			};
			name = Release;
		};
		B22019CC1FD207F700A2BE3F /* Debug */ = {
			isa = XCBuildConfiguration;
			buildSettings = {
				DYLIB_COMPATIBILITY_VERSION = 1;
				DYLIB_CURRENT_VERSION = 1;
				DYLIB_INSTALL_NAME_BASE = "@rpath";
				ENABLE_USER_SCRIPT_SANDBOXING = NO;
				FRAMEWORK_VERSION = A;
				INSTALL_PATH = "$(LOCAL_LIBRARY_DIR)/Frameworks";
				LD_RUNPATH_SEARCH_PATHS = (
					"$(inherited)",
					"@executable_path/../Frameworks",
					"@loader_path/Frameworks",
				);
				SDKROOT = macosx;
				SKIP_INSTALL = YES;
			};
			name = Debug;
		};
		B22019CD1FD207F700A2BE3F /* Release */ = {
			isa = XCBuildConfiguration;
			buildSettings = {
				DYLIB_COMPATIBILITY_VERSION = 1;
				DYLIB_CURRENT_VERSION = 1;
				DYLIB_INSTALL_NAME_BASE = "@rpath";
				FRAMEWORK_VERSION = A;
				INSTALL_PATH = "$(LOCAL_LIBRARY_DIR)/Frameworks";
				LD_RUNPATH_SEARCH_PATHS = (
					"$(inherited)",
					"@executable_path/../Frameworks",
					"@loader_path/Frameworks",
				);
				SDKROOT = macosx;
				SKIP_INSTALL = YES;
			};
			name = Release;
		};
		B26791341F350723008635CD /* Debug */ = {
			isa = XCBuildConfiguration;
			buildSettings = {
				ALWAYS_SEARCH_USER_PATHS = NO;
				APPLICATION_EXTENSION_API_ONLY = YES;
				CLANG_ANALYZER_LOCALIZABILITY_NONLOCALIZED = YES;
				CLANG_CXX_LANGUAGE_STANDARD = "gnu++0x";
				CLANG_CXX_LIBRARY = "libc++";
				CLANG_ENABLE_OBJC_ARC = YES;
				CLANG_UNDEFINED_BEHAVIOR_SANITIZER_INTEGER = YES;
				CLANG_UNDEFINED_BEHAVIOR_SANITIZER_NULLABILITY = YES;
				CLANG_WARN_BLOCK_CAPTURE_AUTORELEASING = YES;
				CLANG_WARN_BOOL_CONVERSION = YES;
				CLANG_WARN_COMMA = YES;
				CLANG_WARN_CONSTANT_CONVERSION = YES;
				CLANG_WARN_DEPRECATED_OBJC_IMPLEMENTATIONS = YES;
				CLANG_WARN_DIRECT_OBJC_ISA_USAGE = YES_ERROR;
				CLANG_WARN_EMPTY_BODY = YES;
				CLANG_WARN_ENUM_CONVERSION = YES;
				CLANG_WARN_INFINITE_RECURSION = YES;
				CLANG_WARN_INT_CONVERSION = YES;
				CLANG_WARN_NON_LITERAL_NULL_CONVERSION = YES;
				CLANG_WARN_OBJC_IMPLICIT_RETAIN_SELF = YES;
				CLANG_WARN_OBJC_LITERAL_CONVERSION = YES;
				CLANG_WARN_OBJC_ROOT_CLASS = YES_ERROR;
				CLANG_WARN_QUOTED_INCLUDE_IN_FRAMEWORK_HEADER = YES;
				CLANG_WARN_RANGE_LOOP_ANALYSIS = YES;
				CLANG_WARN_STRICT_PROTOTYPES = YES;
				CLANG_WARN_SUSPICIOUS_MOVE = YES;
				CLANG_WARN_UNREACHABLE_CODE = YES;
				CLANG_WARN__DUPLICATE_METHOD_MATCH = YES;
				CODE_SIGN_STYLE = Automatic;
				COPY_PHASE_STRIP = NO;
				CURRENT_PROJECT_VERSION = 1;
				DEBUG_INFORMATION_FORMAT = dwarf;
				ENABLE_STRICT_OBJC_MSGSEND = YES;
				ENABLE_TESTABILITY = YES;
				ENABLE_USER_SCRIPT_SANDBOXING = NO;
				GCC_C_LANGUAGE_STANDARD = gnu99;
				GCC_DYNAMIC_NO_PIC = NO;
				GCC_NO_COMMON_BLOCKS = YES;
				GCC_OPTIMIZATION_LEVEL = 0;
				GCC_PREPROCESSOR_DEFINITIONS = (
					"DEBUG=1",
					"$(inherited)",
				);
				GCC_SYMBOLS_PRIVATE_EXTERN = NO;
				GCC_WARN_64_TO_32_BIT_CONVERSION = YES;
				GCC_WARN_ABOUT_RETURN_TYPE = YES_ERROR;
				GCC_WARN_UNDECLARED_SELECTOR = YES;
				GCC_WARN_UNINITIALIZED_AUTOS = YES_AGGRESSIVE;
				GCC_WARN_UNUSED_FUNCTION = YES;
				GCC_WARN_UNUSED_VARIABLE = YES;
				INFOPLIST_FILE = Source/Info.plist;
				IPHONEOS_DEPLOYMENT_TARGET = 15.0;
				MACOSX_DEPLOYMENT_TARGET = 12.0;
				MARKETING_VERSION = 1.1.0;
				ONLY_ACTIVE_ARCH = YES;
				PRODUCT_BUNDLE_IDENTIFIER = com.christopherdehaan.CDUntappdKit;
				PRODUCT_NAME = CDUntappdKit;
				SWIFT_OPTIMIZATION_LEVEL = "-Onone";
				SWIFT_SWIFT3_OBJC_INFERENCE = Off;
				SWIFT_VERSION = 6.0;
				TVOS_DEPLOYMENT_TARGET = 15.0;
				VERSIONING_SYSTEM = "apple-generic";
				VERSION_INFO_PREFIX = "";
				WATCHOS_DEPLOYMENT_TARGET = 8.0;
			};
			name = Debug;
		};
		B26791351F350723008635CD /* Release */ = {
			isa = XCBuildConfiguration;
			buildSettings = {
				ALWAYS_SEARCH_USER_PATHS = NO;
				APPLICATION_EXTENSION_API_ONLY = YES;
				CLANG_ANALYZER_LOCALIZABILITY_NONLOCALIZED = YES;
				CLANG_CXX_LANGUAGE_STANDARD = "gnu++0x";
				CLANG_CXX_LIBRARY = "libc++";
				CLANG_ENABLE_OBJC_ARC = YES;
				CLANG_UNDEFINED_BEHAVIOR_SANITIZER_INTEGER = YES;
				CLANG_UNDEFINED_BEHAVIOR_SANITIZER_NULLABILITY = YES;
				CLANG_WARN_BLOCK_CAPTURE_AUTORELEASING = YES;
				CLANG_WARN_BOOL_CONVERSION = YES;
				CLANG_WARN_COMMA = YES;
				CLANG_WARN_CONSTANT_CONVERSION = YES;
				CLANG_WARN_DEPRECATED_OBJC_IMPLEMENTATIONS = YES;
				CLANG_WARN_DIRECT_OBJC_ISA_USAGE = YES_ERROR;
				CLANG_WARN_EMPTY_BODY = YES;
				CLANG_WARN_ENUM_CONVERSION = YES;
				CLANG_WARN_INFINITE_RECURSION = YES;
				CLANG_WARN_INT_CONVERSION = YES;
				CLANG_WARN_NON_LITERAL_NULL_CONVERSION = YES;
				CLANG_WARN_OBJC_IMPLICIT_RETAIN_SELF = YES;
				CLANG_WARN_OBJC_LITERAL_CONVERSION = YES;
				CLANG_WARN_OBJC_ROOT_CLASS = YES_ERROR;
				CLANG_WARN_QUOTED_INCLUDE_IN_FRAMEWORK_HEADER = YES;
				CLANG_WARN_RANGE_LOOP_ANALYSIS = YES;
				CLANG_WARN_STRICT_PROTOTYPES = YES;
				CLANG_WARN_SUSPICIOUS_MOVE = YES;
				CLANG_WARN_UNREACHABLE_CODE = YES;
				CLANG_WARN__DUPLICATE_METHOD_MATCH = YES;
				CODE_SIGN_STYLE = Automatic;
				COPY_PHASE_STRIP = YES;
				CURRENT_PROJECT_VERSION = 1;
				DEBUG_INFORMATION_FORMAT = "dwarf-with-dsym";
				ENABLE_NS_ASSERTIONS = NO;
				ENABLE_STRICT_OBJC_MSGSEND = YES;
				ENABLE_USER_SCRIPT_SANDBOXING = NO;
				GCC_C_LANGUAGE_STANDARD = gnu99;
				GCC_NO_COMMON_BLOCKS = YES;
				GCC_SYMBOLS_PRIVATE_EXTERN = NO;
				GCC_WARN_64_TO_32_BIT_CONVERSION = YES;
				GCC_WARN_ABOUT_RETURN_TYPE = YES_ERROR;
				GCC_WARN_UNDECLARED_SELECTOR = YES;
				GCC_WARN_UNINITIALIZED_AUTOS = YES_AGGRESSIVE;
				GCC_WARN_UNUSED_FUNCTION = YES;
				GCC_WARN_UNUSED_VARIABLE = YES;
				INFOPLIST_FILE = Source/Info.plist;
				IPHONEOS_DEPLOYMENT_TARGET = 15.0;
				MACOSX_DEPLOYMENT_TARGET = 12.0;
				MARKETING_VERSION = 1.1.0;
				PRODUCT_BUNDLE_IDENTIFIER = com.christopherdehaan.CDUntappdKit;
				PRODUCT_NAME = CDUntappdKit;
				SWIFT_COMPILATION_MODE = wholemodule;
				SWIFT_OPTIMIZATION_LEVEL = "-O";
				SWIFT_SWIFT3_OBJC_INFERENCE = Off;
				SWIFT_VERSION = 6.0;
				TVOS_DEPLOYMENT_TARGET = 15.0;
				VALIDATE_PRODUCT = YES;
				VERSIONING_SYSTEM = "apple-generic";
				VERSION_INFO_PREFIX = "";
				WATCHOS_DEPLOYMENT_TARGET = 8.0;
			};
			name = Release;
		};
		B26791371F350723008635CD /* Debug */ = {
			isa = XCBuildConfiguration;
			buildSettings = {
				APPLICATION_EXTENSION_API_ONLY = YES;
				DYLIB_COMPATIBILITY_VERSION = 1;
				DYLIB_CURRENT_VERSION = 1;
				DYLIB_INSTALL_NAME_BASE = "@rpath";
				INSTALL_PATH = "$(LOCAL_LIBRARY_DIR)/Frameworks";
				LD_RUNPATH_SEARCH_PATHS = (
					"$(inherited)",
					"@executable_path/Frameworks",
					"@loader_path/Frameworks",
				);
				SDKROOT = iphoneos;
				SKIP_INSTALL = YES;
				SWIFT_OPTIMIZATION_LEVEL = "-Onone";
				TARGETED_DEVICE_FAMILY = "1,2";
			};
			name = Debug;
		};
		B26791381F350723008635CD /* Release */ = {
			isa = XCBuildConfiguration;
			buildSettings = {
				APPLICATION_EXTENSION_API_ONLY = YES;
				DYLIB_COMPATIBILITY_VERSION = 1;
				DYLIB_CURRENT_VERSION = 1;
				DYLIB_INSTALL_NAME_BASE = "@rpath";
				INSTALL_PATH = "$(LOCAL_LIBRARY_DIR)/Frameworks";
				LD_RUNPATH_SEARCH_PATHS = (
					"$(inherited)",
					"@executable_path/Frameworks",
					"@loader_path/Frameworks",
				);
				SDKROOT = iphoneos;
				SKIP_INSTALL = YES;
				TARGETED_DEVICE_FAMILY = "1,2";
			};
			name = Release;
		};
/* End XCBuildConfiguration section */

/* Begin XCConfigurationList section */
		5F093C66302D124C00AC238A /* Build configuration list for PBXNativeTarget "CDUntappdKit visionOS" */ = {
			isa = XCConfigurationList;
			buildConfigurations = (
				5F093C64302D124C00AC238A /* Debug */,
				5F093C65302D124C00AC238A /* Release */,
			);
			defaultConfigurationIsVisible = 0;
			defaultConfigurationName = Release;
		};
		B22019681FD2030900A2BE3F /* Build configuration list for PBXNativeTarget "CDUntappdKit watchOS" */ = {
			isa = XCConfigurationList;
			buildConfigurations = (
				B220195F1FD2030900A2BE3F /* Debug */,
				B22019601FD2030900A2BE3F /* Release */,
			);
			defaultConfigurationIsVisible = 0;
			defaultConfigurationName = Release;
		};
		B220199B1FD206F700A2BE3F /* Build configuration list for PBXNativeTarget "CDUntappdKit tvOS" */ = {
			isa = XCConfigurationList;
			buildConfigurations = (
				B220199C1FD206F700A2BE3F /* Debug */,
				B220199D1FD206F700A2BE3F /* Release */,
			);
			defaultConfigurationIsVisible = 0;
			defaultConfigurationName = Release;
		};
		B22019CB1FD207F700A2BE3F /* Build configuration list for PBXNativeTarget "CDUntappdKit macOS" */ = {
			isa = XCConfigurationList;
			buildConfigurations = (
				B22019CC1FD207F700A2BE3F /* Debug */,
				B22019CD1FD207F700A2BE3F /* Release */,
			);
			defaultConfigurationIsVisible = 0;
			defaultConfigurationName = Release;
		};
		B26791281F350723008635CD /* Build configuration list for PBXProject "CDUntappdKit" */ = {
			isa = XCConfigurationList;
			buildConfigurations = (
				B26791341F350723008635CD /* Debug */,
				B26791351F350723008635CD /* Release */,
			);
			defaultConfigurationIsVisible = 0;
			defaultConfigurationName = Release;
		};
		B26791361F350723008635CD /* Build configuration list for PBXNativeTarget "CDUntappdKit iOS" */ = {
			isa = XCConfigurationList;
			buildConfigurations = (
				B26791371F350723008635CD /* Debug */,
				B26791381F350723008635CD /* Release */,
			);
			defaultConfigurationIsVisible = 0;
			defaultConfigurationName = Release;
		};
/* End XCConfigurationList section */
	};
	rootObject = B26791251F350723008635CD /* Project object */;
}
